// !$*UTF8*$!
{
	archiveVersion = 1;
	classes = {
	};
	objectVersion = 56;
	objects = {

/* Begin PBXBuildFile section */
		64AC827C3E494F07AA415FE7 /* ModusApp.swift in Sources */ = {isa = PBXBuildFile; fileRef = 344647CA556F42C2A8D831A8 /* ModusApp.swift */; };
		C012A8E00EC84FA199420DE4 /* AppEnvironment.swift in Sources */ = {isa = PBXBuildFile; fileRef = B64F2EE66D334ABA982116A0 /* AppEnvironment.swift */; };
		322F8104958148509590CD04 /* UserTasteProfile.swift in Sources */ = {isa = PBXBuildFile; fileRef = D5B6D14D1CBF4F99926712F0 /* UserTasteProfile.swift */; };
		82ECE823DE2A450385221614 /* TrackCooldown.swift in Sources */ = {isa = PBXBuildFile; fileRef = 46BEE8E2DCA645E89518D614 /* TrackCooldown.swift */; };
		52071A1C57754B1289E8404C /* CachedTrack.swift in Sources */ = {isa = PBXBuildFile; fileRef = 325C1CD5FF154E99BCAE3372 /* CachedTrack.swift */; };
		43F0F5D06D0E413084AEADD9 /* StationSession.swift in Sources */ = {isa = PBXBuildFile; fileRef = 759EF20CC01D48D6A2E7E84B /* StationSession.swift */; };
		8BBE660433A54EB09161A65E /* RecentStation.swift in Sources */ = {isa = PBXBuildFile; fileRef = E83A793088F547A1984810F5 /* RecentStation.swift */; };
		55B3C55B7F96421F9382BB30 /* MusicProviderProtocol.swift in Sources */ = {isa = PBXBuildFile; fileRef = 9F8FEE1C3C66431999378F6A /* MusicProviderProtocol.swift */; };
		F6278C926876490E882A151B /* DJBrainProtocol.swift in Sources */ = {isa = PBXBuildFile; fileRef = 00FA1F5B04D2453299051AFA /* DJBrainProtocol.swift */; };
		0AC88543341240FE8651C997 /* VectorAffinityEngine.swift in Sources */ = {isa = PBXBuildFile; fileRef = A9384F8511C040B5A4F4FE08 /* VectorAffinityEngine.swift */; };
		CC214AF3412E493F9848CEB2 /* AppleMusicProvider.swift in Sources */ = {isa = PBXBuildFile; fileRef = 23BE576EEA184C68B4A1167D /* AppleMusicProvider.swift */; };
		9048D66A2DBA4F26A97C78A7 /* StationQueueManager.swift in Sources */ = {isa = PBXBuildFile; fileRef = 5534842773314F5BBD46FDBE /* StationQueueManager.swift */; };
		B3081876B234491D87E785A9 /* MusicLibraryImporter.swift in Sources */ = {isa = PBXBuildFile; fileRef = 096B686FADC641ECBA9F338D /* MusicLibraryImporter.swift */; };
		5E6EF80B67854E5CBD28EB7F /* TelemetryCollector.swift in Sources */ = {isa = PBXBuildFile; fileRef = 1F77ABEBF52D4203ADA694C1 /* TelemetryCollector.swift */; };
		533E708035CA466DB548DC40 /* TTSClient.swift in Sources */ = {isa = PBXBuildFile; fileRef = AACBCC90EB2544099C5D3D2E /* TTSClient.swift */; };
		F30118913D964F1D9CAB2759 /* AudioDucker.swift in Sources */ = {isa = PBXBuildFile; fileRef = 902DD24177E6431B8138D532 /* AudioDucker.swift */; };
		0BB6BFB56D1A491D81B98DE5 /* TransitionManager.swift in Sources */ = {isa = PBXBuildFile; fileRef = 11DC316BCEC64902A3957AAE /* TransitionManager.swift */; };
		FFB0984E1A3B4873A4A616B7 /* SubscriptionManager.swift in Sources */ = {isa = PBXBuildFile; fileRef = 4816F792C10A42A29F2C64F0 /* SubscriptionManager.swift */; };
		D6688D3E6DBB4706AC90EC32 /* OnDeviceDJBrain.swift in Sources */ = {isa = PBXBuildFile; fileRef = 7327DB3E37C743B59C3F5611 /* OnDeviceDJBrain.swift */; };
		6BC153E9B45841AFBA1EC1F5 /* SimulatorMusicProvider.swift in Sources */ = {isa = PBXBuildFile; fileRef = 525F6C358B2F49DF9127BFF8 /* SimulatorMusicProvider.swift */; };
		B5C988B43B33448E999DA6AB /* FallbackDJBrain.swift in Sources */ = {isa = PBXBuildFile; fileRef = F4F4C933F99D47AA94AD7D08 /* FallbackDJBrain.swift */; };
		6EF7A5CB0BD943608858CC95 /* MainTabView.swift in Sources */ = {isa = PBXBuildFile; fileRef = 76AF5E80C204430F9062E6E2 /* MainTabView.swift */; };
		FA864C13D44C4C5D9EF451BF /* RadioView.swift in Sources */ = {isa = PBXBuildFile; fileRef = 088CFF2EB6164BE4A9FE4199 /* RadioView.swift */; };
		4A09EB93E8F445B793EDC790 /* SearchView.swift in Sources */ = {isa = PBXBuildFile; fileRef = CC0F0E6B45CF4FAF9EDCD77D /* SearchView.swift */; };
		844293A6C2404EEFB3B3AC11 /* SettingsView.swift in Sources */ = {isa = PBXBuildFile; fileRef = FD4AF301919941EDBC68ABAE /* SettingsView.swift */; };
		E16949E270904915B33631B0 /* VibeVisualizer.swift in Sources */ = {isa = PBXBuildFile; fileRef = A2953EB59F7340D597D80916 /* VibeVisualizer.swift */; };
		11CD745202654E43ACF6F5EE /* PaywallSheet.swift in Sources */ = {isa = PBXBuildFile; fileRef = 39E4C2D2913B44419448E488 /* PaywallSheet.swift */; };
		86B5E6F084DD481D89886164 /* OnboardingView.swift in Sources */ = {isa = PBXBuildFile; fileRef = 44FC155A199F4D6AA4086ED5 /* OnboardingView.swift */; };
		8E3464C1ABD74295AB56D093 /* ModusTips.swift in Sources */ = {isa = PBXBuildFile; fileRef = 530AA4A4D259490CA3BD2B50 /* ModusTips.swift */; };
		D7EAE887352D47D9BF999608 /* MusicKit.framework in Frameworks */ = {isa = PBXBuildFile; fileRef = 4D7058A10BD44E61ABFB490F /* MusicKit.framework */; };
		509123D798F84944B28884B0 /* MediaPlayer.framework in Frameworks */ = {isa = PBXBuildFile; fileRef = 7AB003B0CDB744249B7192AD /* MediaPlayer.framework */; };
		8B54AAE511054C8DA7A0CB08 /* AVFoundation.framework in Frameworks */ = {isa = PBXBuildFile; fileRef = 868124CF5706473DBAA5047F /* AVFoundation.framework */; };
		A7D4453911AF4ECAA3224411 /* StoreKit.framework in Frameworks */ = {isa = PBXBuildFile; fileRef = 8CDF53DAC29E465698BE445C /* StoreKit.framework */; };
		32AB44E698984BF5B6D3F883 /* Modus.storekit in Resources */ = {isa = PBXBuildFile; fileRef = 20915693BA2F4756ACD8D98B /* Modus.storekit */; };
		F7F085E313144E4F9550F93C /* PrivacyInfo.xcprivacy in Resources */ = {isa = PBXBuildFile; fileRef = D3341C3006FD416E956E5C84 /* PrivacyInfo.xcprivacy */; };
/* End PBXBuildFile section */

/* Begin PBXFileReference section */
		A9567757374B4349A3E1F95D /* Modus.app */ = {isa = PBXFileReference; explicitFileType = wrapper.application; includeInIndex = 0; path = Modus.app; sourceTree = BUILT_PRODUCTS_DIR; };
		344647CA556F42C2A8D831A8 /* ModusApp.swift */ = {isa = PBXFileReference; lastKnownFileType = sourcecode.swift; path = Core/ModusApp.swift; sourceTree = "<group>"; };
		B64F2EE66D334ABA982116A0 /* AppEnvironment.swift */ = {isa = PBXFileReference; lastKnownFileType = sourcecode.swift; path = Core/AppEnvironment.swift; sourceTree = "<group>"; };
		D5B6D14D1CBF4F99926712F0 /* UserTasteProfile.swift */ = {isa = PBXFileReference; lastKnownFileType = sourcecode.swift; path = Data/Models/UserTasteProfile.swift; sourceTree = "<group>"; };
		46BEE8E2DCA645E89518D614 /* TrackCooldown.swift */ = {isa = PBXFileReference; lastKnownFileType = sourcecode.swift; path = Data/Models/TrackCooldown.swift; sourceTree = "<group>"; };
		325C1CD5FF154E99BCAE3372 /* CachedTrack.swift */ = {isa = PBXFileReference; lastKnownFileType = sourcecode.swift; path = Data/Models/CachedTrack.swift; sourceTree = "<group>"; };
		759EF20CC01D48D6A2E7E84B /* StationSession.swift */ = {isa = PBXFileReference; lastKnownFileType = sourcecode.swift; path = Data/Models/StationSession.swift; sourceTree = "<group>"; };
		E83A793088F547A1984810F5 /* RecentStation.swift */ = {isa = PBXFileReference; lastKnownFileType = sourcecode.swift; path = Data/Models/RecentStation.swift; sourceTree = "<group>"; };
		9F8FEE1C3C66431999378F6A /* MusicProviderProtocol.swift */ = {isa = PBXFileReference; lastKnownFileType = sourcecode.swift; path = Engine/Protocols/MusicProviderProtocol.swift; sourceTree = "<group>"; };
		00FA1F5B04D2453299051AFA /* DJBrainProtocol.swift */ = {isa = PBXFileReference; lastKnownFileType = sourcecode.swift; path = Engine/Protocols/DJBrainProtocol.swift; sourceTree = "<group>"; };
		A9384F8511C040B5A4F4FE08 /* VectorAffinityEngine.swift */ = {isa = PBXFileReference; lastKnownFileType = sourcecode.swift; path = Engine/Concrete/VectorAffinityEngine.swift; sourceTree = "<group>"; };
		23BE576EEA184C68B4A1167D /* AppleMusicProvider.swift */ = {isa = PBXFileReference; lastKnownFileType = sourcecode.swift; path = Engine/Concrete/AppleMusicProvider.swift; sourceTree = "<group>"; };
		5534842773314F5BBD46FDBE /* StationQueueManager.swift */ = {isa = PBXFileReference; lastKnownFileType = sourcecode.swift; path = Engine/Concrete/StationQueueManager.swift; sourceTree = "<group>"; };
		096B686FADC641ECBA9F338D /* MusicLibraryImporter.swift */ = {isa = PBXFileReference; lastKnownFileType = sourcecode.swift; path = Engine/Concrete/MusicLibraryImporter.swift; sourceTree = "<group>"; };
		1F77ABEBF52D4203ADA694C1 /* TelemetryCollector.swift */ = {isa = PBXFileReference; lastKnownFileType = sourcecode.swift; path = Engine/Concrete/TelemetryCollector.swift; sourceTree = "<group>"; };
		AACBCC90EB2544099C5D3D2E /* TTSClient.swift */ = {isa = PBXFileReference; lastKnownFileType = sourcecode.swift; path = Engine/Concrete/TTSClient.swift; sourceTree = "<group>"; };
		902DD24177E6431B8138D532 /* AudioDucker.swift */ = {isa = PBXFileReference; lastKnownFileType = sourcecode.swift; path = Engine/Concrete/AudioDucker.swift; sourceTree = "<group>"; };
		11DC316BCEC64902A3957AAE /* TransitionManager.swift */ = {isa = PBXFileReference; lastKnownFileType = sourcecode.swift; path = Engine/Concrete/TransitionManager.swift; sourceTree = "<group>"; };
		4816F792C10A42A29F2C64F0 /* SubscriptionManager.swift */ = {isa = PBXFileReference; lastKnownFileType = sourcecode.swift; path = Engine/Concrete/SubscriptionManager.swift; sourceTree = "<group>"; };
		7327DB3E37C743B59C3F5611 /* OnDeviceDJBrain.swift */ = {isa = PBXFileReference; lastKnownFileType = sourcecode.swift; path = Engine/Concrete/OnDeviceDJBrain.swift; sourceTree = "<group>"; };
		525F6C358B2F49DF9127BFF8 /* SimulatorMusicProvider.swift */ = {isa = PBXFileReference; lastKnownFileType = sourcecode.swift; path = Engine/Mocks/SimulatorMusicProvider.swift; sourceTree = "<group>"; };
		F4F4C933F99D47AA94AD7D08 /* FallbackDJBrain.swift */ = {isa = PBXFileReference; lastKnownFileType = sourcecode.swift; path = Engine/Mocks/FallbackDJBrain.swift; sourceTree = "<group>"; };
		76AF5E80C204430F9062E6E2 /* MainTabView.swift */ = {isa = PBXFileReference; lastKnownFileType = sourcecode.swift; path = UI/Tabs/MainTabView.swift; sourceTree = "<group>"; };
		088CFF2EB6164BE4A9FE4199 /* RadioView.swift */ = {isa = PBXFileReference; lastKnownFileType = sourcecode.swift; path = UI/Tabs/RadioView.swift; sourceTree = "<group>"; };
		CC0F0E6B45CF4FAF9EDCD77D /* SearchView.swift */ = {isa = PBXFileReference; lastKnownFileType = sourcecode.swift; path = UI/Tabs/SearchView.swift; sourceTree = "<group>"; };
		FD4AF301919941EDBC68ABAE /* SettingsView.swift */ = {isa = PBXFileReference; lastKnownFileType = sourcecode.swift; path = UI/Tabs/SettingsView.swift; sourceTree = "<group>"; };
		A2953EB59F7340D597D80916 /* VibeVisualizer.swift */ = {isa = PBXFileReference; lastKnownFileType = sourcecode.swift; path = UI/Components/VibeVisualizer.swift; sourceTree = "<group>"; };
		39E4C2D2913B44419448E488 /* PaywallSheet.swift */ = {isa = PBXFileReference; lastKnownFileType = sourcecode.swift; path = UI/Components/PaywallSheet.swift; sourceTree = "<group>"; };
		44FC155A199F4D6AA4086ED5 /* OnboardingView.swift */ = {isa = PBXFileReference; lastKnownFileType = sourcecode.swift; path = UI/Onboarding/OnboardingView.swift; sourceTree = "<group>"; };
		530AA4A4D259490CA3BD2B50 /* ModusTips.swift */ = {isa = PBXFileReference; lastKnownFileType = sourcecode.swift; path = UI/Tips/ModusTips.swift; sourceTree = "<group>"; };
		E90032CCAD324C72BE74216D /* Info.plist */ = {isa = PBXFileReference; lastKnownFileType = text.plist.xml; path = Modus/Resources/Info.plist; sourceTree = SOURCE_ROOT; };
		4D7058A10BD44E61ABFB490F /* MusicKit.framework */ = {isa = PBXFileReference; lastKnownFileType = wrapper.framework; name = MusicKit.framework; path = System/Library/Frameworks/MusicKit.framework; sourceTree = SDKROOT; };
		7AB003B0CDB744249B7192AD /* MediaPlayer.framework */ = {isa = PBXFileReference; lastKnownFileType = wrapper.framework; name = MediaPlayer.framework; path = System/Library/Frameworks/MediaPlayer.framework; sourceTree = SDKROOT; };
		868124CF5706473DBAA5047F /* AVFoundation.framework */ = {isa = PBXFileReference; lastKnownFileType = wrapper.framework; name = AVFoundation.framework; path = System/Library/Frameworks/AVFoundation.framework; sourceTree = SDKROOT; };
		8CDF53DAC29E465698BE445C /* StoreKit.framework */ = {isa = PBXFileReference; lastKnownFileType = wrapper.framework; name = StoreKit.framework; path = System/Library/Frameworks/StoreKit.framework; sourceTree = SDKROOT; };
		20915693BA2F4756ACD8D98B /* Modus.storekit */ = {isa = PBXFileReference; lastKnownFileType = file; path = Resources/StoreKit/Modus.storekit; sourceTree = "<group>"; };
		D3341C3006FD416E956E5C84 /* PrivacyInfo.xcprivacy */ = {isa = PBXFileReference; lastKnownFileType = file; path = Resources/PrivacyInfo.xcprivacy; sourceTree = "<group>"; };
/* End PBXFileReference section */

/* Begin PBXFrameworksBuildPhase section */
		8EA88C0CA93C40D4B8D1D389 /* Frameworks */ = {
			isa = PBXFrameworksBuildPhase;
			buildActionMask = 2147483647;
			files = (
				D7EAE887352D47D9BF999608 /* MusicKit.framework in Frameworks */,
				509123D798F84944B28884B0 /* MediaPlayer.framework in Frameworks */,
				8B54AAE511054C8DA7A0CB08 /* AVFoundation.framework in Frameworks */,
				A7D4453911AF4ECAA3224411 /* StoreKit.framework in Frameworks */,
			);
			runOnlyForDeploymentPostprocessing = 0;
		};
/* End PBXFrameworksBuildPhase section */

/* Begin PBXGroup section */
		CA5ADF4A69E54A6E8C3D6137 = {
			isa = PBXGroup;
			children = (
				2FED05BF85E44BFAB440B502 /* EchoDJ */,
				67F137B203A84DDAA114E606 /* Products */,
			);
			sourceTree = "<group>";
		};
		67F137B203A84DDAA114E606 /* Products */ = {
			isa = PBXGroup;
			children = (
				A9567757374B4349A3E1F95D /* EchoDJ.app */,
			);
			name = Products;
			sourceTree = "<group>";
		};
		2FED05BF85E44BFAB440B502 /* Modus */ = {
			isa = PBXGroup;
			children = (
				344647CA556F42C2A8D831A8 /* ModusApp.swift */,
				B64F2EE66D334ABA982116A0 /* AppEnvironment.swift */,
				D5B6D14D1CBF4F99926712F0 /* UserTasteProfile.swift */,
				46BEE8E2DCA645E89518D614 /* TrackCooldown.swift */,
				325C1CD5FF154E99BCAE3372 /* CachedTrack.swift */,
				759EF20CC01D48D6A2E7E84B /* StationSession.swift */,
				E83A793088F547A1984810F5 /* RecentStation.swift */,
				9F8FEE1C3C66431999378F6A /* MusicProviderProtocol.swift */,
				00FA1F5B04D2453299051AFA /* DJBrainProtocol.swift */,
				A9384F8511C040B5A4F4FE08 /* VectorAffinityEngine.swift */,
				23BE576EEA184C68B4A1167D /* AppleMusicProvider.swift */,
				5534842773314F5BBD46FDBE /* StationQueueManager.swift */,
				096B686FADC641ECBA9F338D /* MusicLibraryImporter.swift */,
				1F77ABEBF52D4203ADA694C1 /* TelemetryCollector.swift */,
				AACBCC90EB2544099C5D3D2E /* TTSClient.swift */,
				902DD24177E6431B8138D532 /* AudioDucker.swift */,
				11DC316BCEC64902A3957AAE /* TransitionManager.swift */,
				4816F792C10A42A29F2C64F0 /* SubscriptionManager.swift */,
				7327DB3E37C743B59C3F5611 /* OnDeviceDJBrain.swift */,
				525F6C358B2F49DF9127BFF8 /* SimulatorMusicProvider.swift */,
				F4F4C933F99D47AA94AD7D08 /* FallbackDJBrain.swift */,
				76AF5E80C204430F9062E6E2 /* MainTabView.swift */,
				088CFF2EB6164BE4A9FE4199 /* RadioView.swift */,
				CC0F0E6B45CF4FAF9EDCD77D /* SearchView.swift */,
				FD4AF301919941EDBC68ABAE /* SettingsView.swift */,
				A2953EB59F7340D597D80916 /* VibeVisualizer.swift */,
				39E4C2D2913B44419448E488 /* PaywallSheet.swift */,
				44FC155A199F4D6AA4086ED5 /* OnboardingView.swift */,
				530AA4A4D259490CA3BD2B50 /* ModusTips.swift */,
				E90032CCAD324C72BE74216D /* Info.plist */,
				20915693BA2F4756ACD8D98B /* Modus.storekit */,
				D3341C3006FD416E956E5C84 /* PrivacyInfo.xcprivacy */,
			);
			path = Modus;
			sourceTree = "<group>";
		};
/* End PBXGroup section */

/* Begin PBXNativeTarget section */
		F4E701738A2D4DF5B180DDC3 /* Modus */ = {
			isa = PBXNativeTarget;
			buildConfigurationList = DFA2DD9B528C4B33AE152D20 /* Build configuration list for PBXNativeTarget "Modus" */;
			buildPhases = (
				CC4C034F5A4947A89836D924 /* Sources */,
				8EA88C0CA93C40D4B8D1D389 /* Frameworks */,
				8D3825172EE74D44BF59B370 /* Resources */,
			);
			buildRules = (
			);
			dependencies = (
			);
			name = Modus;
			productName = Modus;
			productReference = A9567757374B4349A3E1F95D /* Modus.app */;
			productType = "com.apple.product-type.application";
		};
/* End PBXNativeTarget section */

/* Begin PBXProject section */
		7C144F3A76E74DA18A38DB72 /* Project object */ = {
			isa = PBXProject;
			attributes = {
				BuildIndependentTargetsInParallel = 1;
				LastSwiftUpdateCheck = 1600;
				LastUpgradeCheck = 1600;
				TargetAttributes = {
					F4E701738A2D4DF5B180DDC3 = {
						CreatedOnToolsVersion = 16.0;
					};
				};
			};
			buildConfigurationList = 75EA5FC4FDE4482AA349B070 /* Build configuration list for PBXProject "EchoDJ" */;
			compatibilityVersion = "Xcode 14.0";
			developmentRegion = en;
			hasScannedForEncodings = 0;
			knownRegions = (
				en,
				Base,
			);
			mainGroup = CA5ADF4A69E54A6E8C3D6137;
			productRefGroup = 67F137B203A84DDAA114E606 /* Products */;
			projectDirPath = "";
			projectRoot = "";
			targets = (
				F4E701738A2D4DF5B180DDC3 /* Modus */,
			);
		};
/* End PBXProject section */

/* Begin PBXResourcesBuildPhase section */
		8D3825172EE74D44BF59B370 /* Resources */ = {
			isa = PBXResourcesBuildPhase;
			buildActionMask = 2147483647;
			files = (
				32AB44E698984BF5B6D3F883 /* Modus.storekit in Resources */,
				F7F085E313144E4F9550F93C /* PrivacyInfo.xcprivacy in Resources */,
			);
			runOnlyForDeploymentPostprocessing = 0;
		};
/* End PBXResourcesBuildPhase section */

/* Begin PBXSourcesBuildPhase section */
		CC4C034F5A4947A89836D924 /* Sources */ = {
			isa = PBXSourcesBuildPhase;
			buildActionMask = 2147483647;
			files = (
				64AC827C3E494F07AA415FE7 /* ModusApp.swift in Sources */,
				C012A8E00EC84FA199420DE4 /* AppEnvironment.swift in Sources */,
				322F8104958148509590CD04 /* UserTasteProfile.swift in Sources */,
				82ECE823DE2A450385221614 /* TrackCooldown.swift in Sources */,
				52071A1C57754B1289E8404C /* CachedTrack.swift in Sources */,
				43F0F5D06D0E413084AEADD9 /* StationSession.swift in Sources */,
				8BBE660433A54EB09161A65E /* RecentStation.swift in Sources */,
				55B3C55B7F96421F9382BB30 /* MusicProviderProtocol.swift in Sources */,
				F6278C926876490E882A151B /* DJBrainProtocol.swift in Sources */,
				0AC88543341240FE8651C997 /* VectorAffinityEngine.swift in Sources */,
				CC214AF3412E493F9848CEB2 /* AppleMusicProvider.swift in Sources */,
				9048D66A2DBA4F26A97C78A7 /* StationQueueManager.swift in Sources */,
				B3081876B234491D87E785A9 /* MusicLibraryImporter.swift in Sources */,
				5E6EF80B67854E5CBD28EB7F /* TelemetryCollector.swift in Sources */,
				533E708035CA466DB548DC40 /* TTSClient.swift in Sources */,
				F30118913D964F1D9CAB2759 /* AudioDucker.swift in Sources */,
				0BB6BFB56D1A491D81B98DE5 /* TransitionManager.swift in Sources */,
				FFB0984E1A3B4873A4A616B7 /* SubscriptionManager.swift in Sources */,
				D6688D3E6DBB4706AC90EC32 /* OnDeviceDJBrain.swift in Sources */,
				6BC153E9B45841AFBA1EC1F5 /* SimulatorMusicProvider.swift in Sources */,
				B5C988B43B33448E999DA6AB /* FallbackDJBrain.swift in Sources */,
				6EF7A5CB0BD943608858CC95 /* MainTabView.swift in Sources */,
				FA864C13D44C4C5D9EF451BF /* RadioView.swift in Sources */,
				4A09EB93E8F445B793EDC790 /* SearchView.swift in Sources */,
				844293A6C2404EEFB3B3AC11 /* SettingsView.swift in Sources */,
				E16949E270904915B33631B0 /* VibeVisualizer.swift in Sources */,
				11CD745202654E43ACF6F5EE /* PaywallSheet.swift in Sources */,
				86B5E6F084DD481D89886164 /* OnboardingView.swift in Sources */,
				8E3464C1ABD74295AB56D093 /* ModusTips.swift in Sources */,
			);
			runOnlyForDeploymentPostprocessing = 0;
		};
/* End PBXSourcesBuildPhase section */

/* Begin XCBuildConfiguration section */
		F051B0E6192B4A868530756D /* Debug */ = {
			isa = XCBuildConfiguration;
			buildSettings = {
				ALWAYS_SEARCH_USER_PATHS = NO;
				CLANG_ANALYZER_NONNULL = YES;
				CLANG_ANALYZER_NUMBER_OBJECT_CONVERSION = YES_AGGRESSIVE;
				CLANG_CXX_LANGUAGE_STANDARD = "gnu++17";
				CLANG_ENABLE_MODULES = YES;
				CLANG_ENABLE_OBJC_ARC = YES;
				CLANG_ENABLE_OBJC_WEAK = YES;
				CLANG_WARN_BLOCK_CAPTURE_AUTORELEASING = YES;
				CLANG_WARN_BOOL_CONVERSION = YES;
				CLANG_WARN_COMMA = YES;
				CLANG_WARN_CONSTANT_CONVERSION = YES;
				CLANG_WARN_DEPRECATED_OBJC_IMPLEMENTATIONS = YES;
				CLANG_WARN_DIRECT_OBJC_ISA_USAGE = YES_ERROR;
				CLANG_WARN_DOCUMENTATION_COMMENTS = YES;
				CLANG_WARN_EMPTY_BODY = YES;
				CLANG_WARN_ENUM_CONVERSION = YES;
				CLANG_WARN_INFINITE_RECURSION = YES;
				CLANG_WARN_INT_CONVERSION = YES;
				CLANG_WARN_NON_LITERAL_NULL_CONVERSION = YES;
				CLANG_WARN_OBJC_IMPLICIT_RETAIN_SELF = YES;
				CLANG_WARN_OBJC_LITERAL_CONVERSION = YES;
				CLANG_WARN_OBJC_ROOT_CLASS = YES_ERROR;
				CLANG_WARN_QUOTED_INCLUDE_IN_FRAMEWORK_HEADER = YES;
				CLANG_WARN_RANGE_LOOP_ANALYSIS = YES;
				CLANG_WARN_STRICT_PROTOTYPES = YES;
				CLANG_WARN_SUSPICIOUS_MOVE = YES;
				CLANG_WARN_UNGUARDED_AVAILABILITY = YES_AGGRESSIVE;
				CLANG_WARN_UNREACHABLE_CODE = YES;
				CLANG_WARN__DUPLICATE_METHOD_MATCH = YES;
				COPY_PHASE_STRIP = NO;
				DEBUG_INFORMATION_FORMAT = dwarf;
				ENABLE_STRICT_OBJC_MSGSEND = YES;
				ENABLE_TESTABILITY = YES;
				GCC_C_LANGUAGE_STANDARD = gnu11;
				GCC_DYNAMIC_NO_PIC = NO;
				GCC_NO_COMMON_BLOCKS = YES;
				GCC_OPTIMIZATION_LEVEL = 0;
				GCC_PREPROCESSOR_DEFINITIONS = (
					"DEBUG=1",
					"$(inherited)",
				);
				GCC_WARN_64_TO_32_BIT_CONVERSION = YES;
				GCC_WARN_ABOUT_RETURN_TYPE = YES_ERROR;
				GCC_WARN_UNDECLARED_SELECTOR = YES;
				GCC_WARN_UNINITIALIZED_AUTOS = YES_AGGRESSIVE;
				GCC_WARN_UNUSED_FUNCTION = YES;
				GCC_WARN_UNUSED_VARIABLE = YES;
				IPHONEOS_DEPLOYMENT_TARGET = 26.0;
				MTL_ENABLE_DEBUG_INFO = INCLUDE_SOURCE;
				MTL_FAST_MATH = YES;
				ONLY_ACTIVE_ARCH = YES;
				SDKROOT = iphoneos;
				SWIFT_ACTIVE_COMPILATION_CONDITIONS = DEBUG;
				SWIFT_OPTIMIZATION_LEVEL = "-Onone";
			};
			name = Debug;
		};
		174A755B1AA347CAB3FE0C13 /* Release */ = {
			isa = XCBuildConfiguration;
			buildSettings = {
				ALWAYS_SEARCH_USER_PATHS = NO;
				CLANG_ANALYZER_NONNULL = YES;
				CLANG_ANALYZER_NUMBER_OBJECT_CONVERSION = YES_AGGRESSIVE;
				CLANG_CXX_LANGUAGE_STANDARD = "gnu++17";
				CLANG_ENABLE_MODULES = YES;
				CLANG_ENABLE_OBJC_ARC = YES;
				CLANG_ENABLE_OBJC_WEAK = YES;
				CLANG_WARN_BLOCK_CAPTURE_AUTORELEASING = YES;
				CLANG_WARN_BOOL_CONVERSION = YES;
				CLANG_WARN_COMMA = YES;
				CLANG_WARN_CONSTANT_CONVERSION = YES;
				CLANG_WARN_DEPRECATED_OBJC_IMPLEMENTATIONS = YES;
				CLANG_WARN_DIRECT_OBJC_ISA_USAGE = YES_ERROR;
				CLANG_WARN_DOCUMENTATION_COMMENTS = YES;
				CLANG_WARN_EMPTY_BODY = YES;
				CLANG_WARN_ENUM_CONVERSION = YES;
				CLANG_WARN_INFINITE_RECURSION = YES;
				CLANG_WARN_INT_CONVERSION = YES;
				CLANG_WARN_NON_LITERAL_NULL_CONVERSION = YES;
				CLANG_WARN_OBJC_IMPLICIT_RETAIN_SELF = YES;
				CLANG_WARN_OBJC_LITERAL_CONVERSION = YES;
				CLANG_WARN_OBJC_ROOT_CLASS = YES_ERROR;
				CLANG_WARN_QUOTED_INCLUDE_IN_FRAMEWORK_HEADER = YES;
				CLANG_WARN_RANGE_LOOP_ANALYSIS = YES;
				CLANG_WARN_STRICT_PROTOTYPES = YES;
				CLANG_WARN_SUSPICIOUS_MOVE = YES;
				CLANG_WARN_UNGUARDED_AVAILABILITY = YES_AGGRESSIVE;
				CLANG_WARN_UNREACHABLE_CODE = YES;
				CLANG_WARN__DUPLICATE_METHOD_MATCH = YES;
				COPY_PHASE_STRIP = NO;
				DEBUG_INFORMATION_FORMAT = "dwarf-with-dsym";
				ENABLE_NS_ASSERTIONS = NO;
				ENABLE_STRICT_OBJC_MSGSEND = YES;
				GCC_C_LANGUAGE_STANDARD = gnu11;
				GCC_NO_COMMON_BLOCKS = YES;
				GCC_WARN_64_TO_32_BIT_CONVERSION = YES;
				GCC_WARN_ABOUT_RETURN_TYPE = YES_ERROR;
				GCC_WARN_UNDECLARED_SELECTOR = YES;
				GCC_WARN_UNINITIALIZED_AUTOS = YES_AGGRESSIVE;
				GCC_WARN_UNUSED_FUNCTION = YES;
				GCC_WARN_UNUSED_VARIABLE = YES;
				IPHONEOS_DEPLOYMENT_TARGET = 26.0;
				MTL_ENABLE_DEBUG_INFO = NO;
				MTL_FAST_MATH = YES;
				SDKROOT = iphoneos;
				SWIFT_COMPILATION_MODE = wholemodule;
				SWIFT_OPTIMIZATION_LEVEL = "-O";
				VALIDATE_PRODUCT = YES;
			};
			name = Release;
		};
		8AF4E912EB9945AA82667B55 /* Debug */ = {
			isa = XCBuildConfiguration;
			buildSettings = {
				ASSETCATALOG_COMPILER_APPICON_NAME = AppIcon;
				ASSETCATALOG_COMPILER_GLOBAL_ACCENT_COLOR_NAME = AccentColor;
				CODE_SIGN_STYLE = Automatic;
				DEVELOPMENT_TEAM = N2YP2AEB6U;
				CURRENT_PROJECT_VERSION = 1;
				ENABLE_PREVIEWS = YES;
				GENERATE_INFOPLIST_FILE = NO;
				INFOPLIST_FILE = "Modus/Resources/Info.plist";
				IPHONEOS_DEPLOYMENT_TARGET = 26.0;
				LD_RUNPATH_SEARCH_PATHS = (
					"$(inherited)",
					"@executable_path/Frameworks",
				);
				MARKETING_VERSION = 1.0;
				PRODUCT_BUNDLE_IDENTIFIER = com.moduslabs.app;
				PRODUCT_NAME = "$(TARGET_NAME)";
				STOREKIT_CONFIGURATION_URL = "Modus/Resources/StoreKit/Modus.storekit";
				SWIFT_EMIT_LOC_STRINGS = YES;
				SWIFT_STRICT_CONCURRENCY = complete;
				SWIFT_VERSION = 6.0;
				TARGETED_DEVICE_FAMILY = "1,2";
			};
			name = Debug;
		};
		C94760A1CEDD441D8964A55E /* Release */ = {
			isa = XCBuildConfiguration;
			buildSettings = {
				ASSETCATALOG_COMPILER_APPICON_NAME = AppIcon;
				ASSETCATALOG_COMPILER_GLOBAL_ACCENT_COLOR_NAME = AccentColor;
				CODE_SIGN_STYLE = Automatic;
				DEVELOPMENT_TEAM = N2YP2AEB6U;
				CURRENT_PROJECT_VERSION = 1;
				ENABLE_PREVIEWS = YES;
				GENERATE_INFOPLIST_FILE = NO;
				INFOPLIST_FILE = "Modus/Resources/Info.plist";
				IPHONEOS_DEPLOYMENT_TARGET = 26.0;
				LD_RUNPATH_SEARCH_PATHS = (
					"$(inherited)",
					"@executable_path/Frameworks",
				);
				MARKETING_VERSION = 1.0;
				PRODUCT_BUNDLE_IDENTIFIER = com.moduslabs.app;
				PRODUCT_NAME = "$(TARGET_NAME)";
				STOREKIT_CONFIGURATION_URL = "Modus/Resources/StoreKit/Modus.storekit";
				SWIFT_EMIT_LOC_STRINGS = YES;
				SWIFT_STRICT_CONCURRENCY = complete;
				SWIFT_VERSION = 6.0;
				TARGETED_DEVICE_FAMILY = "1,2";
			};
			name = Release;
		};
/* End XCBuildConfiguration section */

/* Begin XCConfigurationList section */
		75EA5FC4FDE4482AA349B070 /* Build configuration list for PBXProject "Modus" */ = {
			isa = XCConfigurationList;
			buildConfigurations = (
				F051B0E6192B4A868530756D /* Debug */,
				174A755B1AA347CAB3FE0C13 /* Release */,
			);
			defaultConfigurationIsVisible = 0;
			defaultConfigurationName = Release;
		};
		DFA2DD9B528C4B33AE152D20 /* Build configuration list for PBXNativeTarget "Modus" */ = {
			isa = XCConfigurationList;
			buildConfigurations = (
				8AF4E912EB9945AA82667B55 /* Debug */,
				C94760A1CEDD441D8964A55E /* Release */,
			);
			defaultConfigurationIsVisible = 0;
			defaultConfigurationName = Release;
		};
/* End XCConfigurationList section */

	};
	rootObject = 7C144F3A76E74DA18A38DB72 /* Project object */;
}
