// !$*UTF8*$!
{
	archiveVersion = 1;
	classes = {
	};
	objectVersion = 56;
	objects = {

/* Begin PBXBuildFile section */
		15EE21DCA90145BBA584C7A9 /* ModusApp.swift in Sources */ = {isa = PBXBuildFile; fileRef = D4B923A884884C14A21E2076 /* ModusApp.swift */; };
		A0884E8A61764167B930C3B5 /* AppEnvironment.swift in Sources */ = {isa = PBXBuildFile; fileRef = 55A41E468A3A4D1487952B54 /* AppEnvironment.swift */; };
		9FFE7E4955E34015AC92A44B /* UserTasteProfile.swift in Sources */ = {isa = PBXBuildFile; fileRef = 9166C372171F496A914003DA /* UserTasteProfile.swift */; };
		A3A6D9EAAC6E41D3B02C1978 /* TrackCooldown.swift in Sources */ = {isa = PBXBuildFile; fileRef = C72E5FB3D7704044B45CE374 /* TrackCooldown.swift */; };
		D9928C0CAC18434A81A72967 /* CachedTrack.swift in Sources */ = {isa = PBXBuildFile; fileRef = A0B6927DAAB04067B802F29C /* CachedTrack.swift */; };
		61FEE1A97C5341E297C54EEA /* StationSession.swift in Sources */ = {isa = PBXBuildFile; fileRef = D13AFB28901E4B0C8E393406 /* StationSession.swift */; };
		AA40CCCDDB4640F8AEA41134 /* RecentStation.swift in Sources */ = {isa = PBXBuildFile; fileRef = 4D9D3FEE27904E09A2F8C2C2 /* RecentStation.swift */; };
		EC5D18A5032A47EE992EC90B /* MusicProviderProtocol.swift in Sources */ = {isa = PBXBuildFile; fileRef = 8D7A4161E0D3446E92EDBF6D /* MusicProviderProtocol.swift */; };
		137F67B69C694C50AF547E3B /* DJBrainProtocol.swift in Sources */ = {isa = PBXBuildFile; fileRef = A3A1B25BBA504319B5A27953 /* DJBrainProtocol.swift */; };
		EB0A1C3957BA4D04B38346A3 /* VectorAffinityEngine.swift in Sources */ = {isa = PBXBuildFile; fileRef = 13C52CB985D849DAACE2204D /* VectorAffinityEngine.swift */; };
		33675347D4B0473C848AB477 /* AppleMusicProvider.swift in Sources */ = {isa = PBXBuildFile; fileRef = 7CFCF0100429441DB1145552 /* AppleMusicProvider.swift */; };
		01B982119DE04B0B90917FD1 /* StationQueueManager.swift in Sources */ = {isa = PBXBuildFile; fileRef = 94EE9B7544684386BE302D16 /* StationQueueManager.swift */; };
		DA16B7B784E44BBCA882511E /* TelemetryCollector.swift in Sources */ = {isa = PBXBuildFile; fileRef = FA459C501FBA4AD0A7C60BE4 /* TelemetryCollector.swift */; };
		B20903416BA14F519E2811D0 /* TTSClient.swift in Sources */ = {isa = PBXBuildFile; fileRef = F94618EEB50642D888ADF1DA /* TTSClient.swift */; };
		E49F3A4F8E6F46A8A3FC5AA1 /* AudioDucker.swift in Sources */ = {isa = PBXBuildFile; fileRef = 78A3F8A66B024FC896DDCC6F /* AudioDucker.swift */; };
		0EB1DC9644D14C7689E2CF88 /* TransitionManager.swift in Sources */ = {isa = PBXBuildFile; fileRef = ABECFA371AFA4B55BC3839E3 /* TransitionManager.swift */; };
		BA4160194B024044A2D46A1F /* SubscriptionManager.swift in Sources */ = {isa = PBXBuildFile; fileRef = 845C931357EA40889DF874CC /* SubscriptionManager.swift */; };
		08DA90042FF8450DBEDFBCBB /* OnDeviceDJBrain.swift in Sources */ = {isa = PBXBuildFile; fileRef = 7E9B7A479A8C4E06BC26CCEA /* OnDeviceDJBrain.swift */; };
		4BAEE37211454D43AC3CA42B /* SimulatorMusicProvider.swift in Sources */ = {isa = PBXBuildFile; fileRef = 0F47342290C74F618883800B /* SimulatorMusicProvider.swift */; };
		E4EB9F0712B84E2FAA827B39 /* FallbackDJBrain.swift in Sources */ = {isa = PBXBuildFile; fileRef = B60BEF90349B4E948D6C6628 /* FallbackDJBrain.swift */; };
		9BF9223EE8D04029B5DBE829 /* MainTabView.swift in Sources */ = {isa = PBXBuildFile; fileRef = 3282927CFAE0484BBF5139A7 /* MainTabView.swift */; };
		B7725F32B5B24B838626A62B /* RadioView.swift in Sources */ = {isa = PBXBuildFile; fileRef = 051059F334904BD3BEB85AB4 /* RadioView.swift */; };
		2C8C845E85C04810826FA6AB /* SearchView.swift in Sources */ = {isa = PBXBuildFile; fileRef = F1715639F5254CFA9F4F5C5B /* SearchView.swift */; };
		E85F95885D794A68A2051E87 /* VibeVisualizer.swift in Sources */ = {isa = PBXBuildFile; fileRef = 1E8BD25A319B4447AE1C8948 /* VibeVisualizer.swift */; };
		B4625CE5CE574957A15775B8 /* MusicKit.framework in Frameworks */ = {isa = PBXBuildFile; fileRef = 95EC150EEDD048EEB270E1A2 /* MusicKit.framework */; };
		6B5E27A2C9DB4A788A42E860 /* MediaPlayer.framework in Frameworks */ = {isa = PBXBuildFile; fileRef = FC63A5F0361640E799858DD1 /* MediaPlayer.framework */; };
		5A4FDD630A8E4EF49AB9F10E /* AVFoundation.framework in Frameworks */ = {isa = PBXBuildFile; fileRef = 388E4AAB20694CA39EE24B8C /* AVFoundation.framework */; };
		83C8988AF0E2408C9F3DF0D4 /* StoreKit.framework in Frameworks */ = {isa = PBXBuildFile; fileRef = EFA3B378E9584780ADF3A356 /* StoreKit.framework */; };
		6093FCC897154AA58F433F2E /* Modus.storekit in Resources */ = {isa = PBXBuildFile; fileRef = 1CEC647BCF4A45E982E06623 /* Modus.storekit */; };
		23C817BB2C684513AF5CA00F /* PrivacyInfo.xcprivacy in Resources */ = {isa = PBXBuildFile; fileRef = 9FF7A0A6EDC743929997C040 /* PrivacyInfo.xcprivacy */; };
/* End PBXBuildFile section */

/* Begin PBXFileReference section */
		D334444BB4FC4BF5AC9EA21A /* Modus.app */ = {isa = PBXFileReference; explicitFileType = wrapper.application; includeInIndex = 0; path = Modus.app; sourceTree = BUILT_PRODUCTS_DIR; };
		D4B923A884884C14A21E2076 /* ModusApp.swift */ = {isa = PBXFileReference; lastKnownFileType = sourcecode.swift; path = Core/ModusApp.swift; sourceTree = "<group>"; };
		55A41E468A3A4D1487952B54 /* AppEnvironment.swift */ = {isa = PBXFileReference; lastKnownFileType = sourcecode.swift; path = Core/AppEnvironment.swift; sourceTree = "<group>"; };
		9166C372171F496A914003DA /* UserTasteProfile.swift */ = {isa = PBXFileReference; lastKnownFileType = sourcecode.swift; path = Data/Models/UserTasteProfile.swift; sourceTree = "<group>"; };
		C72E5FB3D7704044B45CE374 /* TrackCooldown.swift */ = {isa = PBXFileReference; lastKnownFileType = sourcecode.swift; path = Data/Models/TrackCooldown.swift; sourceTree = "<group>"; };
		A0B6927DAAB04067B802F29C /* CachedTrack.swift */ = {isa = PBXFileReference; lastKnownFileType = sourcecode.swift; path = Data/Models/CachedTrack.swift; sourceTree = "<group>"; };
		D13AFB28901E4B0C8E393406 /* StationSession.swift */ = {isa = PBXFileReference; lastKnownFileType = sourcecode.swift; path = Data/Models/StationSession.swift; sourceTree = "<group>"; };
		4D9D3FEE27904E09A2F8C2C2 /* RecentStation.swift */ = {isa = PBXFileReference; lastKnownFileType = sourcecode.swift; path = Data/Models/RecentStation.swift; sourceTree = "<group>"; };
		8D7A4161E0D3446E92EDBF6D /* MusicProviderProtocol.swift */ = {isa = PBXFileReference; lastKnownFileType = sourcecode.swift; path = Engine/Protocols/MusicProviderProtocol.swift; sourceTree = "<group>"; };
		A3A1B25BBA504319B5A27953 /* DJBrainProtocol.swift */ = {isa = PBXFileReference; lastKnownFileType = sourcecode.swift; path = Engine/Protocols/DJBrainProtocol.swift; sourceTree = "<group>"; };
		13C52CB985D849DAACE2204D /* VectorAffinityEngine.swift */ = {isa = PBXFileReference; lastKnownFileType = sourcecode.swift; path = Engine/Concrete/VectorAffinityEngine.swift; sourceTree = "<group>"; };
		7CFCF0100429441DB1145552 /* AppleMusicProvider.swift */ = {isa = PBXFileReference; lastKnownFileType = sourcecode.swift; path = Engine/Concrete/AppleMusicProvider.swift; sourceTree = "<group>"; };
		94EE9B7544684386BE302D16 /* StationQueueManager.swift */ = {isa = PBXFileReference; lastKnownFileType = sourcecode.swift; path = Engine/Concrete/StationQueueManager.swift; sourceTree = "<group>"; };
		FA459C501FBA4AD0A7C60BE4 /* TelemetryCollector.swift */ = {isa = PBXFileReference; lastKnownFileType = sourcecode.swift; path = Engine/Concrete/TelemetryCollector.swift; sourceTree = "<group>"; };
		F94618EEB50642D888ADF1DA /* TTSClient.swift */ = {isa = PBXFileReference; lastKnownFileType = sourcecode.swift; path = Engine/Concrete/TTSClient.swift; sourceTree = "<group>"; };
		78A3F8A66B024FC896DDCC6F /* AudioDucker.swift */ = {isa = PBXFileReference; lastKnownFileType = sourcecode.swift; path = Engine/Concrete/AudioDucker.swift; sourceTree = "<group>"; };
		ABECFA371AFA4B55BC3839E3 /* TransitionManager.swift */ = {isa = PBXFileReference; lastKnownFileType = sourcecode.swift; path = Engine/Concrete/TransitionManager.swift; sourceTree = "<group>"; };
		845C931357EA40889DF874CC /* SubscriptionManager.swift */ = {isa = PBXFileReference; lastKnownFileType = sourcecode.swift; path = Engine/Concrete/SubscriptionManager.swift; sourceTree = "<group>"; };
		7E9B7A479A8C4E06BC26CCEA /* OnDeviceDJBrain.swift */ = {isa = PBXFileReference; lastKnownFileType = sourcecode.swift; path = Engine/Concrete/OnDeviceDJBrain.swift; sourceTree = "<group>"; };
		0F47342290C74F618883800B /* SimulatorMusicProvider.swift */ = {isa = PBXFileReference; lastKnownFileType = sourcecode.swift; path = Engine/Mocks/SimulatorMusicProvider.swift; sourceTree = "<group>"; };
		B60BEF90349B4E948D6C6628 /* FallbackDJBrain.swift */ = {isa = PBXFileReference; lastKnownFileType = sourcecode.swift; path = Engine/Mocks/FallbackDJBrain.swift; sourceTree = "<group>"; };
		3282927CFAE0484BBF5139A7 /* MainTabView.swift */ = {isa = PBXFileReference; lastKnownFileType = sourcecode.swift; path = UI/Tabs/MainTabView.swift; sourceTree = "<group>"; };
		051059F334904BD3BEB85AB4 /* RadioView.swift */ = {isa = PBXFileReference; lastKnownFileType = sourcecode.swift; path = UI/Tabs/RadioView.swift; sourceTree = "<group>"; };
		F1715639F5254CFA9F4F5C5B /* SearchView.swift */ = {isa = PBXFileReference; lastKnownFileType = sourcecode.swift; path = UI/Tabs/SearchView.swift; sourceTree = "<group>"; };
		1E8BD25A319B4447AE1C8948 /* VibeVisualizer.swift */ = {isa = PBXFileReference; lastKnownFileType = sourcecode.swift; path = UI/Components/VibeVisualizer.swift; sourceTree = "<group>"; };
		B8542887E3B746A5A818F2E4 /* Info.plist */ = {isa = PBXFileReference; lastKnownFileType = text.plist.xml; path = Modus/Resources/Info.plist; sourceTree = SOURCE_ROOT; };
		95EC150EEDD048EEB270E1A2 /* MusicKit.framework */ = {isa = PBXFileReference; lastKnownFileType = wrapper.framework; name = MusicKit.framework; path = System/Library/Frameworks/MusicKit.framework; sourceTree = SDKROOT; };
		FC63A5F0361640E799858DD1 /* MediaPlayer.framework */ = {isa = PBXFileReference; lastKnownFileType = wrapper.framework; name = MediaPlayer.framework; path = System/Library/Frameworks/MediaPlayer.framework; sourceTree = SDKROOT; };
		388E4AAB20694CA39EE24B8C /* AVFoundation.framework */ = {isa = PBXFileReference; lastKnownFileType = wrapper.framework; name = AVFoundation.framework; path = System/Library/Frameworks/AVFoundation.framework; sourceTree = SDKROOT; };
		EFA3B378E9584780ADF3A356 /* StoreKit.framework */ = {isa = PBXFileReference; lastKnownFileType = wrapper.framework; name = StoreKit.framework; path = System/Library/Frameworks/StoreKit.framework; sourceTree = SDKROOT; };
		1CEC647BCF4A45E982E06623 /* Modus.storekit */ = {isa = PBXFileReference; lastKnownFileType = file; path = Resources/StoreKit/Modus.storekit; sourceTree = "<group>"; };
		9FF7A0A6EDC743929997C040 /* PrivacyInfo.xcprivacy */ = {isa = PBXFileReference; lastKnownFileType = file; path = Resources/PrivacyInfo.xcprivacy; sourceTree = "<group>"; };
/* End PBXFileReference section */

/* Begin PBXFrameworksBuildPhase section */
		276B5AF2057744168F92CDFF /* Frameworks */ = {
			isa = PBXFrameworksBuildPhase;
			buildActionMask = 2147483647;
			files = (
				B4625CE5CE574957A15775B8 /* MusicKit.framework in Frameworks */,
				6B5E27A2C9DB4A788A42E860 /* MediaPlayer.framework in Frameworks */,
				5A4FDD630A8E4EF49AB9F10E /* AVFoundation.framework in Frameworks */,
				83C8988AF0E2408C9F3DF0D4 /* StoreKit.framework in Frameworks */,
			);
			runOnlyForDeploymentPostprocessing = 0;
		};
/* End PBXFrameworksBuildPhase section */

/* Begin PBXGroup section */
		7D915ABAB452469FA6FE6DA0 = {
			isa = PBXGroup;
			children = (
				04E1D46E7A534688B6B36248 /* EchoDJ */,
				EE155C8A49894DD88F4BA6D2 /* Products */,
			);
			sourceTree = "<group>";
		};
		EE155C8A49894DD88F4BA6D2 /* Products */ = {
			isa = PBXGroup;
			children = (
				D334444BB4FC4BF5AC9EA21A /* EchoDJ.app */,
			);
			name = Products;
			sourceTree = "<group>";
		};
		04E1D46E7A534688B6B36248 /* Modus */ = {
			isa = PBXGroup;
			children = (
				D4B923A884884C14A21E2076 /* ModusApp.swift */,
				55A41E468A3A4D1487952B54 /* AppEnvironment.swift */,
				9166C372171F496A914003DA /* UserTasteProfile.swift */,
				C72E5FB3D7704044B45CE374 /* TrackCooldown.swift */,
				A0B6927DAAB04067B802F29C /* CachedTrack.swift */,
				D13AFB28901E4B0C8E393406 /* StationSession.swift */,
				4D9D3FEE27904E09A2F8C2C2 /* RecentStation.swift */,
				8D7A4161E0D3446E92EDBF6D /* MusicProviderProtocol.swift */,
				A3A1B25BBA504319B5A27953 /* DJBrainProtocol.swift */,
				13C52CB985D849DAACE2204D /* VectorAffinityEngine.swift */,
				7CFCF0100429441DB1145552 /* AppleMusicProvider.swift */,
				94EE9B7544684386BE302D16 /* StationQueueManager.swift */,
				FA459C501FBA4AD0A7C60BE4 /* TelemetryCollector.swift */,
				F94618EEB50642D888ADF1DA /* TTSClient.swift */,
				78A3F8A66B024FC896DDCC6F /* AudioDucker.swift */,
				ABECFA371AFA4B55BC3839E3 /* TransitionManager.swift */,
				845C931357EA40889DF874CC /* SubscriptionManager.swift */,
				7E9B7A479A8C4E06BC26CCEA /* OnDeviceDJBrain.swift */,
				0F47342290C74F618883800B /* SimulatorMusicProvider.swift */,
				B60BEF90349B4E948D6C6628 /* FallbackDJBrain.swift */,
				3282927CFAE0484BBF5139A7 /* MainTabView.swift */,
				051059F334904BD3BEB85AB4 /* RadioView.swift */,
				F1715639F5254CFA9F4F5C5B /* SearchView.swift */,
				1E8BD25A319B4447AE1C8948 /* VibeVisualizer.swift */,
				B8542887E3B746A5A818F2E4 /* Info.plist */,
				1CEC647BCF4A45E982E06623 /* Modus.storekit */,
				9FF7A0A6EDC743929997C040 /* PrivacyInfo.xcprivacy */,
			);
			path = Modus;
			sourceTree = "<group>";
		};
/* End PBXGroup section */

/* Begin PBXNativeTarget section */
		682AD8F3899846909D3E0549 /* Modus */ = {
			isa = PBXNativeTarget;
			buildConfigurationList = 5BE3E1657BC743AEAA304B63 /* Build configuration list for PBXNativeTarget "Modus" */;
			buildPhases = (
				5609F8F741F14DF7AF9AD609 /* Sources */,
				276B5AF2057744168F92CDFF /* Frameworks */,
				A7ECFAD6AEEC4AECB13C665E /* Resources */,
			);
			buildRules = (
			);
			dependencies = (
			);
			name = Modus;
			productName = Modus;
			productReference = D334444BB4FC4BF5AC9EA21A /* Modus.app */;
			productType = "com.apple.product-type.application";
		};
/* End PBXNativeTarget section */

/* Begin PBXProject section */
		C347413E21ED4D0EA6183C12 /* Project object */ = {
			isa = PBXProject;
			attributes = {
				BuildIndependentTargetsInParallel = 1;
				LastSwiftUpdateCheck = 1600;
				LastUpgradeCheck = 1600;
				TargetAttributes = {
					682AD8F3899846909D3E0549 = {
						CreatedOnToolsVersion = 16.0;
					};
				};
			};
			buildConfigurationList = B72F2044DBD247AF9E798A09 /* Build configuration list for PBXProject "EchoDJ" */;
			compatibilityVersion = "Xcode 14.0";
			developmentRegion = en;
			hasScannedForEncodings = 0;
			knownRegions = (
				en,
				Base,
			);
			mainGroup = 7D915ABAB452469FA6FE6DA0;
			productRefGroup = EE155C8A49894DD88F4BA6D2 /* Products */;
			projectDirPath = "";
			projectRoot = "";
			targets = (
				682AD8F3899846909D3E0549 /* Modus */,
			);
		};
/* End PBXProject section */

/* Begin PBXResourcesBuildPhase section */
		A7ECFAD6AEEC4AECB13C665E /* Resources */ = {
			isa = PBXResourcesBuildPhase;
			buildActionMask = 2147483647;
			files = (
				6093FCC897154AA58F433F2E /* Modus.storekit in Resources */,
				23C817BB2C684513AF5CA00F /* PrivacyInfo.xcprivacy in Resources */,
			);
			runOnlyForDeploymentPostprocessing = 0;
		};
/* End PBXResourcesBuildPhase section */

/* Begin PBXSourcesBuildPhase section */
		5609F8F741F14DF7AF9AD609 /* Sources */ = {
			isa = PBXSourcesBuildPhase;
			buildActionMask = 2147483647;
			files = (
				15EE21DCA90145BBA584C7A9 /* ModusApp.swift in Sources */,
				A0884E8A61764167B930C3B5 /* AppEnvironment.swift in Sources */,
				9FFE7E4955E34015AC92A44B /* UserTasteProfile.swift in Sources */,
				A3A6D9EAAC6E41D3B02C1978 /* TrackCooldown.swift in Sources */,
				D9928C0CAC18434A81A72967 /* CachedTrack.swift in Sources */,
				61FEE1A97C5341E297C54EEA /* StationSession.swift in Sources */,
				AA40CCCDDB4640F8AEA41134 /* RecentStation.swift in Sources */,
				EC5D18A5032A47EE992EC90B /* MusicProviderProtocol.swift in Sources */,
				137F67B69C694C50AF547E3B /* DJBrainProtocol.swift in Sources */,
				EB0A1C3957BA4D04B38346A3 /* VectorAffinityEngine.swift in Sources */,
				33675347D4B0473C848AB477 /* AppleMusicProvider.swift in Sources */,
				01B982119DE04B0B90917FD1 /* StationQueueManager.swift in Sources */,
				DA16B7B784E44BBCA882511E /* TelemetryCollector.swift in Sources */,
				B20903416BA14F519E2811D0 /* TTSClient.swift in Sources */,
				E49F3A4F8E6F46A8A3FC5AA1 /* AudioDucker.swift in Sources */,
				0EB1DC9644D14C7689E2CF88 /* TransitionManager.swift in Sources */,
				BA4160194B024044A2D46A1F /* SubscriptionManager.swift in Sources */,
				08DA90042FF8450DBEDFBCBB /* OnDeviceDJBrain.swift in Sources */,
				4BAEE37211454D43AC3CA42B /* SimulatorMusicProvider.swift in Sources */,
				E4EB9F0712B84E2FAA827B39 /* FallbackDJBrain.swift in Sources */,
				9BF9223EE8D04029B5DBE829 /* MainTabView.swift in Sources */,
				B7725F32B5B24B838626A62B /* RadioView.swift in Sources */,
				2C8C845E85C04810826FA6AB /* SearchView.swift in Sources */,
				E85F95885D794A68A2051E87 /* VibeVisualizer.swift in Sources */,
			);
			runOnlyForDeploymentPostprocessing = 0;
		};
/* End PBXSourcesBuildPhase section */

/* Begin XCBuildConfiguration section */
		715C43622E324B8AA0F4564B /* Debug */ = {
			isa = XCBuildConfiguration;
			buildSettings = {
				ALWAYS_SEARCH_USER_PATHS = NO;
				CLANG_ANALYZER_NONNULL = YES;
				CLANG_ANALYZER_NUMBER_OBJECT_CONVERSION = YES_AGGRESSIVE;
				CLANG_CXX_LANGUAGE_STANDARD = "gnu++17";
				CLANG_ENABLE_MODULES = YES;
				CLANG_ENABLE_OBJC_ARC = YES;
				CLANG_ENABLE_OBJC_WEAK = YES;
				CLANG_WARN_BLOCK_CAPTURE_AUTORELEASING = YES;
				CLANG_WARN_BOOL_CONVERSION = YES;
				CLANG_WARN_COMMA = YES;
				CLANG_WARN_CONSTANT_CONVERSION = YES;
				CLANG_WARN_DEPRECATED_OBJC_IMPLEMENTATIONS = YES;
				CLANG_WARN_DIRECT_OBJC_ISA_USAGE = YES_ERROR;
				CLANG_WARN_DOCUMENTATION_COMMENTS = YES;
				CLANG_WARN_EMPTY_BODY = YES;
				CLANG_WARN_ENUM_CONVERSION = YES;
				CLANG_WARN_INFINITE_RECURSION = YES;
				CLANG_WARN_INT_CONVERSION = YES;
				CLANG_WARN_NON_LITERAL_NULL_CONVERSION = YES;
				CLANG_WARN_OBJC_IMPLICIT_RETAIN_SELF = YES;
				CLANG_WARN_OBJC_LITERAL_CONVERSION = YES;
				CLANG_WARN_OBJC_ROOT_CLASS = YES_ERROR;
				CLANG_WARN_QUOTED_INCLUDE_IN_FRAMEWORK_HEADER = YES;
				CLANG_WARN_RANGE_LOOP_ANALYSIS = YES;
				CLANG_WARN_STRICT_PROTOTYPES = YES;
				CLANG_WARN_SUSPICIOUS_MOVE = YES;
				CLANG_WARN_UNGUARDED_AVAILABILITY = YES_AGGRESSIVE;
				CLANG_WARN_UNREACHABLE_CODE = YES;
				CLANG_WARN__DUPLICATE_METHOD_MATCH = YES;
				COPY_PHASE_STRIP = NO;
				DEBUG_INFORMATION_FORMAT = dwarf;
				ENABLE_STRICT_OBJC_MSGSEND = YES;
				ENABLE_TESTABILITY = YES;
				GCC_C_LANGUAGE_STANDARD = gnu11;
				GCC_DYNAMIC_NO_PIC = NO;
				GCC_NO_COMMON_BLOCKS = YES;
				GCC_OPTIMIZATION_LEVEL = 0;
				GCC_PREPROCESSOR_DEFINITIONS = (
					"DEBUG=1",
					"$(inherited)",
				);
				GCC_WARN_64_TO_32_BIT_CONVERSION = YES;
				GCC_WARN_ABOUT_RETURN_TYPE = YES_ERROR;
				GCC_WARN_UNDECLARED_SELECTOR = YES;
				GCC_WARN_UNINITIALIZED_AUTOS = YES_AGGRESSIVE;
				GCC_WARN_UNUSED_FUNCTION = YES;
				GCC_WARN_UNUSED_VARIABLE = YES;
				IPHONEOS_DEPLOYMENT_TARGET = 26.0;
				MTL_ENABLE_DEBUG_INFO = INCLUDE_SOURCE;
				MTL_FAST_MATH = YES;
				ONLY_ACTIVE_ARCH = YES;
				SDKROOT = iphoneos;
				SWIFT_ACTIVE_COMPILATION_CONDITIONS = DEBUG;
				SWIFT_OPTIMIZATION_LEVEL = "-Onone";
			};
			name = Debug;
		};
		D72F7195EAD94C55AAE0388A /* Release */ = {
			isa = XCBuildConfiguration;
			buildSettings = {
				ALWAYS_SEARCH_USER_PATHS = NO;
				CLANG_ANALYZER_NONNULL = YES;
				CLANG_ANALYZER_NUMBER_OBJECT_CONVERSION = YES_AGGRESSIVE;
				CLANG_CXX_LANGUAGE_STANDARD = "gnu++17";
				CLANG_ENABLE_MODULES = YES;
				CLANG_ENABLE_OBJC_ARC = YES;
				CLANG_ENABLE_OBJC_WEAK = YES;
				CLANG_WARN_BLOCK_CAPTURE_AUTORELEASING = YES;
				CLANG_WARN_BOOL_CONVERSION = YES;
				CLANG_WARN_COMMA = YES;
				CLANG_WARN_CONSTANT_CONVERSION = YES;
				CLANG_WARN_DEPRECATED_OBJC_IMPLEMENTATIONS = YES;
				CLANG_WARN_DIRECT_OBJC_ISA_USAGE = YES_ERROR;
				CLANG_WARN_DOCUMENTATION_COMMENTS = YES;
				CLANG_WARN_EMPTY_BODY = YES;
				CLANG_WARN_ENUM_CONVERSION = YES;
				CLANG_WARN_INFINITE_RECURSION = YES;
				CLANG_WARN_INT_CONVERSION = YES;
				CLANG_WARN_NON_LITERAL_NULL_CONVERSION = YES;
				CLANG_WARN_OBJC_IMPLICIT_RETAIN_SELF = YES;
				CLANG_WARN_OBJC_LITERAL_CONVERSION = YES;
				CLANG_WARN_OBJC_ROOT_CLASS = YES_ERROR;
				CLANG_WARN_QUOTED_INCLUDE_IN_FRAMEWORK_HEADER = YES;
				CLANG_WARN_RANGE_LOOP_ANALYSIS = YES;
				CLANG_WARN_STRICT_PROTOTYPES = YES;
				CLANG_WARN_SUSPICIOUS_MOVE = YES;
				CLANG_WARN_UNGUARDED_AVAILABILITY = YES_AGGRESSIVE;
				CLANG_WARN_UNREACHABLE_CODE = YES;
				CLANG_WARN__DUPLICATE_METHOD_MATCH = YES;
				COPY_PHASE_STRIP = NO;
				DEBUG_INFORMATION_FORMAT = "dwarf-with-dsym";
				ENABLE_NS_ASSERTIONS = NO;
				ENABLE_STRICT_OBJC_MSGSEND = YES;
				GCC_C_LANGUAGE_STANDARD = gnu11;
				GCC_NO_COMMON_BLOCKS = YES;
				GCC_WARN_64_TO_32_BIT_CONVERSION = YES;
				GCC_WARN_ABOUT_RETURN_TYPE = YES_ERROR;
				GCC_WARN_UNDECLARED_SELECTOR = YES;
				GCC_WARN_UNINITIALIZED_AUTOS = YES_AGGRESSIVE;
				GCC_WARN_UNUSED_FUNCTION = YES;
				GCC_WARN_UNUSED_VARIABLE = YES;
				IPHONEOS_DEPLOYMENT_TARGET = 26.0;
				MTL_ENABLE_DEBUG_INFO = NO;
				MTL_FAST_MATH = YES;
				SDKROOT = iphoneos;
				SWIFT_COMPILATION_MODE = wholemodule;
				SWIFT_OPTIMIZATION_LEVEL = "-O";
				VALIDATE_PRODUCT = YES;
			};
			name = Release;
		};
		BE1C44B8B6134FFCAE710E2C /* Debug */ = {
			isa = XCBuildConfiguration;
			buildSettings = {
				ASSETCATALOG_COMPILER_APPICON_NAME = AppIcon;
				ASSETCATALOG_COMPILER_GLOBAL_ACCENT_COLOR_NAME = AccentColor;
				CODE_SIGN_STYLE = Automatic;
				DEVELOPMENT_TEAM = N2YP2AEB6U;
				CURRENT_PROJECT_VERSION = 1;
				ENABLE_PREVIEWS = YES;
				GENERATE_INFOPLIST_FILE = NO;
				INFOPLIST_FILE = "Modus/Resources/Info.plist";
				IPHONEOS_DEPLOYMENT_TARGET = 26.0;
				LD_RUNPATH_SEARCH_PATHS = (
					"$(inherited)",
					"@executable_path/Frameworks",
				);
				MARKETING_VERSION = 1.0;
				PRODUCT_BUNDLE_IDENTIFIER = com.jp.modus;
				PRODUCT_NAME = "$(TARGET_NAME)";
				STOREKIT_CONFIGURATION_URL = "Modus/Resources/StoreKit/Modus.storekit";
				SWIFT_EMIT_LOC_STRINGS = YES;
				SWIFT_STRICT_CONCURRENCY = complete;
				SWIFT_VERSION = 6.0;
				TARGETED_DEVICE_FAMILY = "1,2";
			};
			name = Debug;
		};
		12FDE8DB866D4F929BA6E867 /* Release */ = {
			isa = XCBuildConfiguration;
			buildSettings = {
				ASSETCATALOG_COMPILER_APPICON_NAME = AppIcon;
				ASSETCATALOG_COMPILER_GLOBAL_ACCENT_COLOR_NAME = AccentColor;
				CODE_SIGN_STYLE = Automatic;
				DEVELOPMENT_TEAM = N2YP2AEB6U;
				CURRENT_PROJECT_VERSION = 1;
				ENABLE_PREVIEWS = YES;
				GENERATE_INFOPLIST_FILE = NO;
				INFOPLIST_FILE = "Modus/Resources/Info.plist";
				IPHONEOS_DEPLOYMENT_TARGET = 26.0;
				LD_RUNPATH_SEARCH_PATHS = (
					"$(inherited)",
					"@executable_path/Frameworks",
				);
				MARKETING_VERSION = 1.0;
				PRODUCT_BUNDLE_IDENTIFIER = com.jp.modus;
				PRODUCT_NAME = "$(TARGET_NAME)";
				STOREKIT_CONFIGURATION_URL = "Modus/Resources/StoreKit/Modus.storekit";
				SWIFT_EMIT_LOC_STRINGS = YES;
				SWIFT_STRICT_CONCURRENCY = complete;
				SWIFT_VERSION = 6.0;
				TARGETED_DEVICE_FAMILY = "1,2";
			};
			name = Release;
		};
/* End XCBuildConfiguration section */

/* Begin XCConfigurationList section */
		B72F2044DBD247AF9E798A09 /* Build configuration list for PBXProject "Modus" */ = {
			isa = XCConfigurationList;
			buildConfigurations = (
				715C43622E324B8AA0F4564B /* Debug */,
				D72F7195EAD94C55AAE0388A /* Release */,
			);
			defaultConfigurationIsVisible = 0;
			defaultConfigurationName = Release;
		};
		5BE3E1657BC743AEAA304B63 /* Build configuration list for PBXNativeTarget "Modus" */ = {
			isa = XCConfigurationList;
			buildConfigurations = (
				BE1C44B8B6134FFCAE710E2C /* Debug */,
				12FDE8DB866D4F929BA6E867 /* Release */,
			);
			defaultConfigurationIsVisible = 0;
			defaultConfigurationName = Release;
		};
/* End XCConfigurationList section */

	};
	rootObject = C347413E21ED4D0EA6183C12 /* Project object */;
}
