// !$*UTF8*$!
{
	archiveVersion = 1;
	classes = {
	};
	objectVersion = 56;
	objects = {

/* Begin PBXBuildFile section */
		28166210F044442F84888DF5 /* ModusApp.swift in Sources */ = {isa = PBXBuildFile; fileRef = 94E841D520CE40839D1D12F3 /* ModusApp.swift */; };
		0CF395C89B3947CFABE3A00D /* AppEnvironment.swift in Sources */ = {isa = PBXBuildFile; fileRef = 72ACE7D563A74D2686795C02 /* AppEnvironment.swift */; };
		7F9F8B1F69D24E01B673D756 /* UserTasteProfile.swift in Sources */ = {isa = PBXBuildFile; fileRef = EE8DE9031C5A4AFFA6DC2C80 /* UserTasteProfile.swift */; };
		2930C59C3E4A4F2EB581F088 /* TrackCooldown.swift in Sources */ = {isa = PBXBuildFile; fileRef = 1470CDCEB5344148838ABAF7 /* TrackCooldown.swift */; };
		A04172C1F2164E3EB881DB41 /* CachedTrack.swift in Sources */ = {isa = PBXBuildFile; fileRef = 6B883BC254A641119284E0D7 /* CachedTrack.swift */; };
		E9BB63ED07C542218060AFB9 /* StationSession.swift in Sources */ = {isa = PBXBuildFile; fileRef = 8CAB9FBA40CF4DE98E26D494 /* StationSession.swift */; };
		4FB1CC9FCCC64C34A5A37D67 /* RecentStation.swift in Sources */ = {isa = PBXBuildFile; fileRef = AB46E4F90A2B457E843AE3C5 /* RecentStation.swift */; };
		EEB1D60D497640AEA9004819 /* MusicProviderProtocol.swift in Sources */ = {isa = PBXBuildFile; fileRef = E6D467F71CC34E2EB647B0A6 /* MusicProviderProtocol.swift */; };
		2F1C419B231F4B74BD151F35 /* DJBrainProtocol.swift in Sources */ = {isa = PBXBuildFile; fileRef = C841CB5D4FC546368A419523 /* DJBrainProtocol.swift */; };
		3C430A1CB9974CEE9A55F4B5 /* VectorAffinityEngine.swift in Sources */ = {isa = PBXBuildFile; fileRef = B1C1643EAD9F4ADE97B3E6CC /* VectorAffinityEngine.swift */; };
		8E7E606001CA4473828C0C3F /* AppleMusicProvider.swift in Sources */ = {isa = PBXBuildFile; fileRef = B4BB8BF1858448D0A2CFA746 /* AppleMusicProvider.swift */; };
		57E6B5B90E9141AABB57E066 /* StationQueueManager.swift in Sources */ = {isa = PBXBuildFile; fileRef = 911439E8B4FA44499A7745EB /* StationQueueManager.swift */; };
		2A9BAE97C9DC4CD78C1F571E /* TelemetryCollector.swift in Sources */ = {isa = PBXBuildFile; fileRef = 50F19790B1C54736B86A583E /* TelemetryCollector.swift */; };
		6E9BD55700E5456281D8F483 /* TTSClient.swift in Sources */ = {isa = PBXBuildFile; fileRef = 120DA4258CA14B7588BC16C8 /* TTSClient.swift */; };
		0D16E4C294684967863495F9 /* AudioDucker.swift in Sources */ = {isa = PBXBuildFile; fileRef = F8CCB035DCAD448A9F4BDF36 /* AudioDucker.swift */; };
		5C9B05267294401CB123EB36 /* TransitionManager.swift in Sources */ = {isa = PBXBuildFile; fileRef = 27892099FB504DE896EFB3B6 /* TransitionManager.swift */; };
		09F13E171E024F7EB2C31CC7 /* SubscriptionManager.swift in Sources */ = {isa = PBXBuildFile; fileRef = 49D537EE4A4B41EEB26945B7 /* SubscriptionManager.swift */; };
		152C7E2C0CF1489DBFCD16FF /* OnDeviceDJBrain.swift in Sources */ = {isa = PBXBuildFile; fileRef = 46931A613C7D4E349EE73202 /* OnDeviceDJBrain.swift */; };
		9F89FF93BD5742DDB1F5CC28 /* SimulatorMusicProvider.swift in Sources */ = {isa = PBXBuildFile; fileRef = CDD7B5DC42074FA0B93AFE1A /* SimulatorMusicProvider.swift */; };
		E95511BDE9C0495EB0E73E92 /* FallbackDJBrain.swift in Sources */ = {isa = PBXBuildFile; fileRef = 7292CB0E333048A6A9C2FC73 /* FallbackDJBrain.swift */; };
		455B1CB3CB1141118488B574 /* MainTabView.swift in Sources */ = {isa = PBXBuildFile; fileRef = AFAA6A0BAF634D2389E425C0 /* MainTabView.swift */; };
		C8358DFB0D564AAF80B3A457 /* RadioView.swift in Sources */ = {isa = PBXBuildFile; fileRef = 4ED0BC57ACDA44BDB56CE8F1 /* RadioView.swift */; };
		B541C34B79124D1A9FC5C1B3 /* SearchView.swift in Sources */ = {isa = PBXBuildFile; fileRef = 7574DFB876CC4776874970B8 /* SearchView.swift */; };
		BBD3D03E2F564B089F76D172 /* SettingsView.swift in Sources */ = {isa = PBXBuildFile; fileRef = B7F56039B7AF4255A7F0E55C /* SettingsView.swift */; };
		FDA67EBEE6B84AA683D4CB82 /* VibeVisualizer.swift in Sources */ = {isa = PBXBuildFile; fileRef = 1300EBC1209E4E7D8E93D456 /* VibeVisualizer.swift */; };
		7CC5910CFB6A42979DA71B15 /* PaywallSheet.swift in Sources */ = {isa = PBXBuildFile; fileRef = 43E31ABB5EF346989B514E1A /* PaywallSheet.swift */; };
		AB719685A6AE4D819A5BBAEB /* OnboardingView.swift in Sources */ = {isa = PBXBuildFile; fileRef = 8F99AAAE9AE34E799CDD1DC3 /* OnboardingView.swift */; };
		F54DF9B415064D7C846E9288 /* ModusTips.swift in Sources */ = {isa = PBXBuildFile; fileRef = C81D285453904D51ABA098D8 /* ModusTips.swift */; };
		C1F4D6285EFD43A98C4BA2E5 /* MusicKit.framework in Frameworks */ = {isa = PBXBuildFile; fileRef = FD88C97D60E9444D8445D2B2 /* MusicKit.framework */; };
		83A3A30EF3BE46E589B47F77 /* MediaPlayer.framework in Frameworks */ = {isa = PBXBuildFile; fileRef = 7E8C26C1B0BD487CAF135CD3 /* MediaPlayer.framework */; };
		A896B484384D42E9A98B061E /* AVFoundation.framework in Frameworks */ = {isa = PBXBuildFile; fileRef = B95CCDC6CC664B9EBF2D8439 /* AVFoundation.framework */; };
		A8BBC34CEA974144B8F8BD87 /* StoreKit.framework in Frameworks */ = {isa = PBXBuildFile; fileRef = C7462CEA46DE4D71B3C8F9D8 /* StoreKit.framework */; };
		FCC43DA561D4484289972064 /* Modus.storekit in Resources */ = {isa = PBXBuildFile; fileRef = C819D8D491E04B328EFB6D8C /* Modus.storekit */; };
		FB73A603DB2E4DA69E269A95 /* PrivacyInfo.xcprivacy in Resources */ = {isa = PBXBuildFile; fileRef = C8CC70E2A52244B09C82A1A0 /* PrivacyInfo.xcprivacy */; };
/* End PBXBuildFile section */

/* Begin PBXFileReference section */
		0032FF14A35A471B8FBDCD6F /* Modus.app */ = {isa = PBXFileReference; explicitFileType = wrapper.application; includeInIndex = 0; path = Modus.app; sourceTree = BUILT_PRODUCTS_DIR; };
		94E841D520CE40839D1D12F3 /* ModusApp.swift */ = {isa = PBXFileReference; lastKnownFileType = sourcecode.swift; path = Core/ModusApp.swift; sourceTree = "<group>"; };
		72ACE7D563A74D2686795C02 /* AppEnvironment.swift */ = {isa = PBXFileReference; lastKnownFileType = sourcecode.swift; path = Core/AppEnvironment.swift; sourceTree = "<group>"; };
		EE8DE9031C5A4AFFA6DC2C80 /* UserTasteProfile.swift */ = {isa = PBXFileReference; lastKnownFileType = sourcecode.swift; path = Data/Models/UserTasteProfile.swift; sourceTree = "<group>"; };
		1470CDCEB5344148838ABAF7 /* TrackCooldown.swift */ = {isa = PBXFileReference; lastKnownFileType = sourcecode.swift; path = Data/Models/TrackCooldown.swift; sourceTree = "<group>"; };
		6B883BC254A641119284E0D7 /* CachedTrack.swift */ = {isa = PBXFileReference; lastKnownFileType = sourcecode.swift; path = Data/Models/CachedTrack.swift; sourceTree = "<group>"; };
		8CAB9FBA40CF4DE98E26D494 /* StationSession.swift */ = {isa = PBXFileReference; lastKnownFileType = sourcecode.swift; path = Data/Models/StationSession.swift; sourceTree = "<group>"; };
		AB46E4F90A2B457E843AE3C5 /* RecentStation.swift */ = {isa = PBXFileReference; lastKnownFileType = sourcecode.swift; path = Data/Models/RecentStation.swift; sourceTree = "<group>"; };
		E6D467F71CC34E2EB647B0A6 /* MusicProviderProtocol.swift */ = {isa = PBXFileReference; lastKnownFileType = sourcecode.swift; path = Engine/Protocols/MusicProviderProtocol.swift; sourceTree = "<group>"; };
		C841CB5D4FC546368A419523 /* DJBrainProtocol.swift */ = {isa = PBXFileReference; lastKnownFileType = sourcecode.swift; path = Engine/Protocols/DJBrainProtocol.swift; sourceTree = "<group>"; };
		B1C1643EAD9F4ADE97B3E6CC /* VectorAffinityEngine.swift */ = {isa = PBXFileReference; lastKnownFileType = sourcecode.swift; path = Engine/Concrete/VectorAffinityEngine.swift; sourceTree = "<group>"; };
		B4BB8BF1858448D0A2CFA746 /* AppleMusicProvider.swift */ = {isa = PBXFileReference; lastKnownFileType = sourcecode.swift; path = Engine/Concrete/AppleMusicProvider.swift; sourceTree = "<group>"; };
		911439E8B4FA44499A7745EB /* StationQueueManager.swift */ = {isa = PBXFileReference; lastKnownFileType = sourcecode.swift; path = Engine/Concrete/StationQueueManager.swift; sourceTree = "<group>"; };
		50F19790B1C54736B86A583E /* TelemetryCollector.swift */ = {isa = PBXFileReference; lastKnownFileType = sourcecode.swift; path = Engine/Concrete/TelemetryCollector.swift; sourceTree = "<group>"; };
		120DA4258CA14B7588BC16C8 /* TTSClient.swift */ = {isa = PBXFileReference; lastKnownFileType = sourcecode.swift; path = Engine/Concrete/TTSClient.swift; sourceTree = "<group>"; };
		F8CCB035DCAD448A9F4BDF36 /* AudioDucker.swift */ = {isa = PBXFileReference; lastKnownFileType = sourcecode.swift; path = Engine/Concrete/AudioDucker.swift; sourceTree = "<group>"; };
		27892099FB504DE896EFB3B6 /* TransitionManager.swift */ = {isa = PBXFileReference; lastKnownFileType = sourcecode.swift; path = Engine/Concrete/TransitionManager.swift; sourceTree = "<group>"; };
		49D537EE4A4B41EEB26945B7 /* SubscriptionManager.swift */ = {isa = PBXFileReference; lastKnownFileType = sourcecode.swift; path = Engine/Concrete/SubscriptionManager.swift; sourceTree = "<group>"; };
		46931A613C7D4E349EE73202 /* OnDeviceDJBrain.swift */ = {isa = PBXFileReference; lastKnownFileType = sourcecode.swift; path = Engine/Concrete/OnDeviceDJBrain.swift; sourceTree = "<group>"; };
		CDD7B5DC42074FA0B93AFE1A /* SimulatorMusicProvider.swift */ = {isa = PBXFileReference; lastKnownFileType = sourcecode.swift; path = Engine/Mocks/SimulatorMusicProvider.swift; sourceTree = "<group>"; };
		7292CB0E333048A6A9C2FC73 /* FallbackDJBrain.swift */ = {isa = PBXFileReference; lastKnownFileType = sourcecode.swift; path = Engine/Mocks/FallbackDJBrain.swift; sourceTree = "<group>"; };
		AFAA6A0BAF634D2389E425C0 /* MainTabView.swift */ = {isa = PBXFileReference; lastKnownFileType = sourcecode.swift; path = UI/Tabs/MainTabView.swift; sourceTree = "<group>"; };
		4ED0BC57ACDA44BDB56CE8F1 /* RadioView.swift */ = {isa = PBXFileReference; lastKnownFileType = sourcecode.swift; path = UI/Tabs/RadioView.swift; sourceTree = "<group>"; };
		7574DFB876CC4776874970B8 /* SearchView.swift */ = {isa = PBXFileReference; lastKnownFileType = sourcecode.swift; path = UI/Tabs/SearchView.swift; sourceTree = "<group>"; };
		B7F56039B7AF4255A7F0E55C /* SettingsView.swift */ = {isa = PBXFileReference; lastKnownFileType = sourcecode.swift; path = UI/Tabs/SettingsView.swift; sourceTree = "<group>"; };
		1300EBC1209E4E7D8E93D456 /* VibeVisualizer.swift */ = {isa = PBXFileReference; lastKnownFileType = sourcecode.swift; path = UI/Components/VibeVisualizer.swift; sourceTree = "<group>"; };
		43E31ABB5EF346989B514E1A /* PaywallSheet.swift */ = {isa = PBXFileReference; lastKnownFileType = sourcecode.swift; path = UI/Components/PaywallSheet.swift; sourceTree = "<group>"; };
		8F99AAAE9AE34E799CDD1DC3 /* OnboardingView.swift */ = {isa = PBXFileReference; lastKnownFileType = sourcecode.swift; path = UI/Onboarding/OnboardingView.swift; sourceTree = "<group>"; };
		C81D285453904D51ABA098D8 /* ModusTips.swift */ = {isa = PBXFileReference; lastKnownFileType = sourcecode.swift; path = UI/Tips/ModusTips.swift; sourceTree = "<group>"; };
		7A324DED25454B3D9E4E12D5 /* Info.plist */ = {isa = PBXFileReference; lastKnownFileType = text.plist.xml; path = Modus/Resources/Info.plist; sourceTree = SOURCE_ROOT; };
		FD88C97D60E9444D8445D2B2 /* MusicKit.framework */ = {isa = PBXFileReference; lastKnownFileType = wrapper.framework; name = MusicKit.framework; path = System/Library/Frameworks/MusicKit.framework; sourceTree = SDKROOT; };
		7E8C26C1B0BD487CAF135CD3 /* MediaPlayer.framework */ = {isa = PBXFileReference; lastKnownFileType = wrapper.framework; name = MediaPlayer.framework; path = System/Library/Frameworks/MediaPlayer.framework; sourceTree = SDKROOT; };
		B95CCDC6CC664B9EBF2D8439 /* AVFoundation.framework */ = {isa = PBXFileReference; lastKnownFileType = wrapper.framework; name = AVFoundation.framework; path = System/Library/Frameworks/AVFoundation.framework; sourceTree = SDKROOT; };
		C7462CEA46DE4D71B3C8F9D8 /* StoreKit.framework */ = {isa = PBXFileReference; lastKnownFileType = wrapper.framework; name = StoreKit.framework; path = System/Library/Frameworks/StoreKit.framework; sourceTree = SDKROOT; };
		C819D8D491E04B328EFB6D8C /* Modus.storekit */ = {isa = PBXFileReference; lastKnownFileType = file; path = Resources/StoreKit/Modus.storekit; sourceTree = "<group>"; };
		C8CC70E2A52244B09C82A1A0 /* PrivacyInfo.xcprivacy */ = {isa = PBXFileReference; lastKnownFileType = file; path = Resources/PrivacyInfo.xcprivacy; sourceTree = "<group>"; };
/* End PBXFileReference section */

/* Begin PBXFrameworksBuildPhase section */
		6484D1CF599B4C4FBB4237E9 /* Frameworks */ = {
			isa = PBXFrameworksBuildPhase;
			buildActionMask = 2147483647;
			files = (
				C1F4D6285EFD43A98C4BA2E5 /* MusicKit.framework in Frameworks */,
				83A3A30EF3BE46E589B47F77 /* MediaPlayer.framework in Frameworks */,
				A896B484384D42E9A98B061E /* AVFoundation.framework in Frameworks */,
				A8BBC34CEA974144B8F8BD87 /* StoreKit.framework in Frameworks */,
			);
			runOnlyForDeploymentPostprocessing = 0;
		};
/* End PBXFrameworksBuildPhase section */

/* Begin PBXGroup section */
		7C3186F081BD4347A4E3A863 = {
			isa = PBXGroup;
			children = (
				24B61E8A51DE45DF9DAD50AF /* EchoDJ */,
				185A0488F2C34AA29AC8F090 /* Products */,
			);
			sourceTree = "<group>";
		};
		185A0488F2C34AA29AC8F090 /* Products */ = {
			isa = PBXGroup;
			children = (
				0032FF14A35A471B8FBDCD6F /* EchoDJ.app */,
			);
			name = Products;
			sourceTree = "<group>";
		};
		24B61E8A51DE45DF9DAD50AF /* Modus */ = {
			isa = PBXGroup;
			children = (
				94E841D520CE40839D1D12F3 /* ModusApp.swift */,
				72ACE7D563A74D2686795C02 /* AppEnvironment.swift */,
				EE8DE9031C5A4AFFA6DC2C80 /* UserTasteProfile.swift */,
				1470CDCEB5344148838ABAF7 /* TrackCooldown.swift */,
				6B883BC254A641119284E0D7 /* CachedTrack.swift */,
				8CAB9FBA40CF4DE98E26D494 /* StationSession.swift */,
				AB46E4F90A2B457E843AE3C5 /* RecentStation.swift */,
				E6D467F71CC34E2EB647B0A6 /* MusicProviderProtocol.swift */,
				C841CB5D4FC546368A419523 /* DJBrainProtocol.swift */,
				B1C1643EAD9F4ADE97B3E6CC /* VectorAffinityEngine.swift */,
				B4BB8BF1858448D0A2CFA746 /* AppleMusicProvider.swift */,
				911439E8B4FA44499A7745EB /* StationQueueManager.swift */,
				50F19790B1C54736B86A583E /* TelemetryCollector.swift */,
				120DA4258CA14B7588BC16C8 /* TTSClient.swift */,
				F8CCB035DCAD448A9F4BDF36 /* AudioDucker.swift */,
				27892099FB504DE896EFB3B6 /* TransitionManager.swift */,
				49D537EE4A4B41EEB26945B7 /* SubscriptionManager.swift */,
				46931A613C7D4E349EE73202 /* OnDeviceDJBrain.swift */,
				CDD7B5DC42074FA0B93AFE1A /* SimulatorMusicProvider.swift */,
				7292CB0E333048A6A9C2FC73 /* FallbackDJBrain.swift */,
				AFAA6A0BAF634D2389E425C0 /* MainTabView.swift */,
				4ED0BC57ACDA44BDB56CE8F1 /* RadioView.swift */,
				7574DFB876CC4776874970B8 /* SearchView.swift */,
				B7F56039B7AF4255A7F0E55C /* SettingsView.swift */,
				1300EBC1209E4E7D8E93D456 /* VibeVisualizer.swift */,
				43E31ABB5EF346989B514E1A /* PaywallSheet.swift */,
				8F99AAAE9AE34E799CDD1DC3 /* OnboardingView.swift */,
				C81D285453904D51ABA098D8 /* ModusTips.swift */,
				7A324DED25454B3D9E4E12D5 /* Info.plist */,
				C819D8D491E04B328EFB6D8C /* Modus.storekit */,
				C8CC70E2A52244B09C82A1A0 /* PrivacyInfo.xcprivacy */,
			);
			path = Modus;
			sourceTree = "<group>";
		};
/* End PBXGroup section */

/* Begin PBXNativeTarget section */
		E8DF045F755D4C16AC66594C /* Modus */ = {
			isa = PBXNativeTarget;
			buildConfigurationList = E2052FE8190349AAA547BC2C /* Build configuration list for PBXNativeTarget "Modus" */;
			buildPhases = (
				38E396028381494C914FEF30 /* Sources */,
				6484D1CF599B4C4FBB4237E9 /* Frameworks */,
				DDDDDE1ED3764F9196C36711 /* Resources */,
			);
			buildRules = (
			);
			dependencies = (
			);
			name = Modus;
			productName = Modus;
			productReference = 0032FF14A35A471B8FBDCD6F /* Modus.app */;
			productType = "com.apple.product-type.application";
		};
/* End PBXNativeTarget section */

/* Begin PBXProject section */
		05880AAA04B24AAE9EA6531F /* Project object */ = {
			isa = PBXProject;
			attributes = {
				BuildIndependentTargetsInParallel = 1;
				LastSwiftUpdateCheck = 1600;
				LastUpgradeCheck = 1600;
				TargetAttributes = {
					E8DF045F755D4C16AC66594C = {
						CreatedOnToolsVersion = 16.0;
					};
				};
			};
			buildConfigurationList = 1E50367F168B4DB2B022F7D0 /* Build configuration list for PBXProject "EchoDJ" */;
			compatibilityVersion = "Xcode 14.0";
			developmentRegion = en;
			hasScannedForEncodings = 0;
			knownRegions = (
				en,
				Base,
			);
			mainGroup = 7C3186F081BD4347A4E3A863;
			productRefGroup = 185A0488F2C34AA29AC8F090 /* Products */;
			projectDirPath = "";
			projectRoot = "";
			targets = (
				E8DF045F755D4C16AC66594C /* Modus */,
			);
		};
/* End PBXProject section */

/* Begin PBXResourcesBuildPhase section */
		DDDDDE1ED3764F9196C36711 /* Resources */ = {
			isa = PBXResourcesBuildPhase;
			buildActionMask = 2147483647;
			files = (
				FCC43DA561D4484289972064 /* Modus.storekit in Resources */,
				FB73A603DB2E4DA69E269A95 /* PrivacyInfo.xcprivacy in Resources */,
			);
			runOnlyForDeploymentPostprocessing = 0;
		};
/* End PBXResourcesBuildPhase section */

/* Begin PBXSourcesBuildPhase section */
		38E396028381494C914FEF30 /* Sources */ = {
			isa = PBXSourcesBuildPhase;
			buildActionMask = 2147483647;
			files = (
				28166210F044442F84888DF5 /* ModusApp.swift in Sources */,
				0CF395C89B3947CFABE3A00D /* AppEnvironment.swift in Sources */,
				7F9F8B1F69D24E01B673D756 /* UserTasteProfile.swift in Sources */,
				2930C59C3E4A4F2EB581F088 /* TrackCooldown.swift in Sources */,
				A04172C1F2164E3EB881DB41 /* CachedTrack.swift in Sources */,
				E9BB63ED07C542218060AFB9 /* StationSession.swift in Sources */,
				4FB1CC9FCCC64C34A5A37D67 /* RecentStation.swift in Sources */,
				EEB1D60D497640AEA9004819 /* MusicProviderProtocol.swift in Sources */,
				2F1C419B231F4B74BD151F35 /* DJBrainProtocol.swift in Sources */,
				3C430A1CB9974CEE9A55F4B5 /* VectorAffinityEngine.swift in Sources */,
				8E7E606001CA4473828C0C3F /* AppleMusicProvider.swift in Sources */,
				57E6B5B90E9141AABB57E066 /* StationQueueManager.swift in Sources */,
				2A9BAE97C9DC4CD78C1F571E /* TelemetryCollector.swift in Sources */,
				6E9BD55700E5456281D8F483 /* TTSClient.swift in Sources */,
				0D16E4C294684967863495F9 /* AudioDucker.swift in Sources */,
				5C9B05267294401CB123EB36 /* TransitionManager.swift in Sources */,
				09F13E171E024F7EB2C31CC7 /* SubscriptionManager.swift in Sources */,
				152C7E2C0CF1489DBFCD16FF /* OnDeviceDJBrain.swift in Sources */,
				9F89FF93BD5742DDB1F5CC28 /* SimulatorMusicProvider.swift in Sources */,
				E95511BDE9C0495EB0E73E92 /* FallbackDJBrain.swift in Sources */,
				455B1CB3CB1141118488B574 /* MainTabView.swift in Sources */,
				C8358DFB0D564AAF80B3A457 /* RadioView.swift in Sources */,
				B541C34B79124D1A9FC5C1B3 /* SearchView.swift in Sources */,
				BBD3D03E2F564B089F76D172 /* SettingsView.swift in Sources */,
				FDA67EBEE6B84AA683D4CB82 /* VibeVisualizer.swift in Sources */,
				7CC5910CFB6A42979DA71B15 /* PaywallSheet.swift in Sources */,
				AB719685A6AE4D819A5BBAEB /* OnboardingView.swift in Sources */,
				F54DF9B415064D7C846E9288 /* ModusTips.swift in Sources */,
			);
			runOnlyForDeploymentPostprocessing = 0;
		};
/* End PBXSourcesBuildPhase section */

/* Begin XCBuildConfiguration section */
		C7F84CA43F014C8889FF2CB9 /* Debug */ = {
			isa = XCBuildConfiguration;
			buildSettings = {
				ALWAYS_SEARCH_USER_PATHS = NO;
				CLANG_ANALYZER_NONNULL = YES;
				CLANG_ANALYZER_NUMBER_OBJECT_CONVERSION = YES_AGGRESSIVE;
				CLANG_CXX_LANGUAGE_STANDARD = "gnu++17";
				CLANG_ENABLE_MODULES = YES;
				CLANG_ENABLE_OBJC_ARC = YES;
				CLANG_ENABLE_OBJC_WEAK = YES;
				CLANG_WARN_BLOCK_CAPTURE_AUTORELEASING = YES;
				CLANG_WARN_BOOL_CONVERSION = YES;
				CLANG_WARN_COMMA = YES;
				CLANG_WARN_CONSTANT_CONVERSION = YES;
				CLANG_WARN_DEPRECATED_OBJC_IMPLEMENTATIONS = YES;
				CLANG_WARN_DIRECT_OBJC_ISA_USAGE = YES_ERROR;
				CLANG_WARN_DOCUMENTATION_COMMENTS = YES;
				CLANG_WARN_EMPTY_BODY = YES;
				CLANG_WARN_ENUM_CONVERSION = YES;
				CLANG_WARN_INFINITE_RECURSION = YES;
				CLANG_WARN_INT_CONVERSION = YES;
				CLANG_WARN_NON_LITERAL_NULL_CONVERSION = YES;
				CLANG_WARN_OBJC_IMPLICIT_RETAIN_SELF = YES;
				CLANG_WARN_OBJC_LITERAL_CONVERSION = YES;
				CLANG_WARN_OBJC_ROOT_CLASS = YES_ERROR;
				CLANG_WARN_QUOTED_INCLUDE_IN_FRAMEWORK_HEADER = YES;
				CLANG_WARN_RANGE_LOOP_ANALYSIS = YES;
				CLANG_WARN_STRICT_PROTOTYPES = YES;
				CLANG_WARN_SUSPICIOUS_MOVE = YES;
				CLANG_WARN_UNGUARDED_AVAILABILITY = YES_AGGRESSIVE;
				CLANG_WARN_UNREACHABLE_CODE = YES;
				CLANG_WARN__DUPLICATE_METHOD_MATCH = YES;
				COPY_PHASE_STRIP = NO;
				DEBUG_INFORMATION_FORMAT = dwarf;
				ENABLE_STRICT_OBJC_MSGSEND = YES;
				ENABLE_TESTABILITY = YES;
				GCC_C_LANGUAGE_STANDARD = gnu11;
				GCC_DYNAMIC_NO_PIC = NO;
				GCC_NO_COMMON_BLOCKS = YES;
				GCC_OPTIMIZATION_LEVEL = 0;
				GCC_PREPROCESSOR_DEFINITIONS = (
					"DEBUG=1",
					"$(inherited)",
				);
				GCC_WARN_64_TO_32_BIT_CONVERSION = YES;
				GCC_WARN_ABOUT_RETURN_TYPE = YES_ERROR;
				GCC_WARN_UNDECLARED_SELECTOR = YES;
				GCC_WARN_UNINITIALIZED_AUTOS = YES_AGGRESSIVE;
				GCC_WARN_UNUSED_FUNCTION = YES;
				GCC_WARN_UNUSED_VARIABLE = YES;
				IPHONEOS_DEPLOYMENT_TARGET = 26.0;
				MTL_ENABLE_DEBUG_INFO = INCLUDE_SOURCE;
				MTL_FAST_MATH = YES;
				ONLY_ACTIVE_ARCH = YES;
				SDKROOT = iphoneos;
				SWIFT_ACTIVE_COMPILATION_CONDITIONS = DEBUG;
				SWIFT_OPTIMIZATION_LEVEL = "-Onone";
			};
			name = Debug;
		};
		AF94F2187E3C41E6BF05552A /* Release */ = {
			isa = XCBuildConfiguration;
			buildSettings = {
				ALWAYS_SEARCH_USER_PATHS = NO;
				CLANG_ANALYZER_NONNULL = YES;
				CLANG_ANALYZER_NUMBER_OBJECT_CONVERSION = YES_AGGRESSIVE;
				CLANG_CXX_LANGUAGE_STANDARD = "gnu++17";
				CLANG_ENABLE_MODULES = YES;
				CLANG_ENABLE_OBJC_ARC = YES;
				CLANG_ENABLE_OBJC_WEAK = YES;
				CLANG_WARN_BLOCK_CAPTURE_AUTORELEASING = YES;
				CLANG_WARN_BOOL_CONVERSION = YES;
				CLANG_WARN_COMMA = YES;
				CLANG_WARN_CONSTANT_CONVERSION = YES;
				CLANG_WARN_DEPRECATED_OBJC_IMPLEMENTATIONS = YES;
				CLANG_WARN_DIRECT_OBJC_ISA_USAGE = YES_ERROR;
				CLANG_WARN_DOCUMENTATION_COMMENTS = YES;
				CLANG_WARN_EMPTY_BODY = YES;
				CLANG_WARN_ENUM_CONVERSION = YES;
				CLANG_WARN_INFINITE_RECURSION = YES;
				CLANG_WARN_INT_CONVERSION = YES;
				CLANG_WARN_NON_LITERAL_NULL_CONVERSION = YES;
				CLANG_WARN_OBJC_IMPLICIT_RETAIN_SELF = YES;
				CLANG_WARN_OBJC_LITERAL_CONVERSION = YES;
				CLANG_WARN_OBJC_ROOT_CLASS = YES_ERROR;
				CLANG_WARN_QUOTED_INCLUDE_IN_FRAMEWORK_HEADER = YES;
				CLANG_WARN_RANGE_LOOP_ANALYSIS = YES;
				CLANG_WARN_STRICT_PROTOTYPES = YES;
				CLANG_WARN_SUSPICIOUS_MOVE = YES;
				CLANG_WARN_UNGUARDED_AVAILABILITY = YES_AGGRESSIVE;
				CLANG_WARN_UNREACHABLE_CODE = YES;
				CLANG_WARN__DUPLICATE_METHOD_MATCH = YES;
				COPY_PHASE_STRIP = NO;
				DEBUG_INFORMATION_FORMAT = "dwarf-with-dsym";
				ENABLE_NS_ASSERTIONS = NO;
				ENABLE_STRICT_OBJC_MSGSEND = YES;
				GCC_C_LANGUAGE_STANDARD = gnu11;
				GCC_NO_COMMON_BLOCKS = YES;
				GCC_WARN_64_TO_32_BIT_CONVERSION = YES;
				GCC_WARN_ABOUT_RETURN_TYPE = YES_ERROR;
				GCC_WARN_UNDECLARED_SELECTOR = YES;
				GCC_WARN_UNINITIALIZED_AUTOS = YES_AGGRESSIVE;
				GCC_WARN_UNUSED_FUNCTION = YES;
				GCC_WARN_UNUSED_VARIABLE = YES;
				IPHONEOS_DEPLOYMENT_TARGET = 26.0;
				MTL_ENABLE_DEBUG_INFO = NO;
				MTL_FAST_MATH = YES;
				SDKROOT = iphoneos;
				SWIFT_COMPILATION_MODE = wholemodule;
				SWIFT_OPTIMIZATION_LEVEL = "-O";
				VALIDATE_PRODUCT = YES;
			};
			name = Release;
		};
		97BE97F83E3A4B5EAAFF14C5 /* Debug */ = {
			isa = XCBuildConfiguration;
			buildSettings = {
				ASSETCATALOG_COMPILER_APPICON_NAME = AppIcon;
				ASSETCATALOG_COMPILER_GLOBAL_ACCENT_COLOR_NAME = AccentColor;
				CODE_SIGN_STYLE = Automatic;
				DEVELOPMENT_TEAM = N2YP2AEB6U;
				CURRENT_PROJECT_VERSION = 1;
				ENABLE_PREVIEWS = YES;
				GENERATE_INFOPLIST_FILE = NO;
				INFOPLIST_FILE = "Modus/Resources/Info.plist";
				IPHONEOS_DEPLOYMENT_TARGET = 26.0;
				LD_RUNPATH_SEARCH_PATHS = (
					"$(inherited)",
					"@executable_path/Frameworks",
				);
				MARKETING_VERSION = 1.0;
				PRODUCT_BUNDLE_IDENTIFIER = com.jp.modus;
				PRODUCT_NAME = "$(TARGET_NAME)";
				STOREKIT_CONFIGURATION_URL = "Modus/Resources/StoreKit/Modus.storekit";
				SWIFT_EMIT_LOC_STRINGS = YES;
				SWIFT_STRICT_CONCURRENCY = complete;
				SWIFT_VERSION = 6.0;
				TARGETED_DEVICE_FAMILY = "1,2";
			};
			name = Debug;
		};
		392DE8591B9B49DBBE74EA48 /* Release */ = {
			isa = XCBuildConfiguration;
			buildSettings = {
				ASSETCATALOG_COMPILER_APPICON_NAME = AppIcon;
				ASSETCATALOG_COMPILER_GLOBAL_ACCENT_COLOR_NAME = AccentColor;
				CODE_SIGN_STYLE = Automatic;
				DEVELOPMENT_TEAM = N2YP2AEB6U;
				CURRENT_PROJECT_VERSION = 1;
				ENABLE_PREVIEWS = YES;
				GENERATE_INFOPLIST_FILE = NO;
				INFOPLIST_FILE = "Modus/Resources/Info.plist";
				IPHONEOS_DEPLOYMENT_TARGET = 26.0;
				LD_RUNPATH_SEARCH_PATHS = (
					"$(inherited)",
					"@executable_path/Frameworks",
				);
				MARKETING_VERSION = 1.0;
				PRODUCT_BUNDLE_IDENTIFIER = com.jp.modus;
				PRODUCT_NAME = "$(TARGET_NAME)";
				STOREKIT_CONFIGURATION_URL = "Modus/Resources/StoreKit/Modus.storekit";
				SWIFT_EMIT_LOC_STRINGS = YES;
				SWIFT_STRICT_CONCURRENCY = complete;
				SWIFT_VERSION = 6.0;
				TARGETED_DEVICE_FAMILY = "1,2";
			};
			name = Release;
		};
/* End XCBuildConfiguration section */

/* Begin XCConfigurationList section */
		1E50367F168B4DB2B022F7D0 /* Build configuration list for PBXProject "Modus" */ = {
			isa = XCConfigurationList;
			buildConfigurations = (
				C7F84CA43F014C8889FF2CB9 /* Debug */,
				AF94F2187E3C41E6BF05552A /* Release */,
			);
			defaultConfigurationIsVisible = 0;
			defaultConfigurationName = Release;
		};
		E2052FE8190349AAA547BC2C /* Build configuration list for PBXNativeTarget "Modus" */ = {
			isa = XCConfigurationList;
			buildConfigurations = (
				97BE97F83E3A4B5EAAFF14C5 /* Debug */,
				392DE8591B9B49DBBE74EA48 /* Release */,
			);
			defaultConfigurationIsVisible = 0;
			defaultConfigurationName = Release;
		};
/* End XCConfigurationList section */

	};
	rootObject = 05880AAA04B24AAE9EA6531F /* Project object */;
}
