// !$*UTF8*$!
{
	archiveVersion = 1;
	classes = {
	};
	objectVersion = 56;
	objects = {

/* Begin PBXBuildFile section */
		764A111720DE45E3A629DD8A /* EchoDJApp.swift in Sources */ = {isa = PBXBuildFile; fileRef = EBF2DD4A2DBE4AFCB2C628A6 /* EchoDJApp.swift */; };
		13D16F6B6DB0487DA4D5F4F1 /* AppEnvironment.swift in Sources */ = {isa = PBXBuildFile; fileRef = AC1103700A09419199986650 /* AppEnvironment.swift */; };
		3FD8559FA1F7439389AC250E /* UserTasteProfile.swift in Sources */ = {isa = PBXBuildFile; fileRef = D1F5C6E2096941159D5E23DE /* UserTasteProfile.swift */; };
		2FE1FCF899314E6596307CBF /* TrackCooldown.swift in Sources */ = {isa = PBXBuildFile; fileRef = 84997AB7DD7F452DA86749D8 /* TrackCooldown.swift */; };
		E8CD0AA5EFFD486982B5590E /* CachedTrack.swift in Sources */ = {isa = PBXBuildFile; fileRef = 262357DC15804B78935F97AE /* CachedTrack.swift */; };
		5A570FAE201B45E7BD7AC179 /* MusicProviderProtocol.swift in Sources */ = {isa = PBXBuildFile; fileRef = DAB3FF35C8B344A294C3D635 /* MusicProviderProtocol.swift */; };
		E4E7456025B44FE786ADD1F3 /* DJBrainProtocol.swift in Sources */ = {isa = PBXBuildFile; fileRef = BC19BF0B24EA4E029C502CC7 /* DJBrainProtocol.swift */; };
		28FEF44D90104F5C89BE4621 /* VectorAffinityEngine.swift in Sources */ = {isa = PBXBuildFile; fileRef = D6054C4F742A47338762FD44 /* VectorAffinityEngine.swift */; };
		FADC6B470F4B466B988B6E24 /* AppleMusicProvider.swift in Sources */ = {isa = PBXBuildFile; fileRef = 5C14FE8A9224400B84634CDD /* AppleMusicProvider.swift */; };
		EBC87FAE9620412584C85C3B /* StationQueueManager.swift in Sources */ = {isa = PBXBuildFile; fileRef = FBE55039FE20421C9FAF769C /* StationQueueManager.swift */; };
		22A9BFFC76C64611BD38E012 /* TelemetryCollector.swift in Sources */ = {isa = PBXBuildFile; fileRef = 64921A37CC7A400998D28EB0 /* TelemetryCollector.swift */; };
		2F115EA44D5446EE9929F0CA /* TTSClient.swift in Sources */ = {isa = PBXBuildFile; fileRef = 7653895048A84E7B805E52AE /* TTSClient.swift */; };
		1DCE3DEAF52A46EC9A511674 /* AudioDucker.swift in Sources */ = {isa = PBXBuildFile; fileRef = 76DEAED905D345B1BC1401FA /* AudioDucker.swift */; };
		4D28C0E6CE594B66B7BEF8F5 /* TransitionManager.swift in Sources */ = {isa = PBXBuildFile; fileRef = 4E7688FDC4C04E519E5EAB22 /* TransitionManager.swift */; };
		A70ADB137A9C4984989E1FA0 /* SubscriptionManager.swift in Sources */ = {isa = PBXBuildFile; fileRef = 6E1231C2FA8343E98D7A2473 /* SubscriptionManager.swift */; };
		559C334420B040438A506A70 /* OnDeviceDJBrain.swift in Sources */ = {isa = PBXBuildFile; fileRef = 2128B13821B94EE9946FABE6 /* OnDeviceDJBrain.swift */; };
		84D2B607690E49EF8A6D3C66 /* MockMusicProvider.swift in Sources */ = {isa = PBXBuildFile; fileRef = 3DE25EED8C494A1189877F4B /* MockMusicProvider.swift */; };
		7E7004E2B1DD45F896F6A656 /* MockDJBrain.swift in Sources */ = {isa = PBXBuildFile; fileRef = BE26705F08EA496189EE3DCD /* MockDJBrain.swift */; };
		91181F7E8A3D44C18E3E944D /* MainTabView.swift in Sources */ = {isa = PBXBuildFile; fileRef = BB0FC4F4FD4443B29E1ADFC2 /* MainTabView.swift */; };
		0CC794610A9B425FB25E4A00 /* RadioView.swift in Sources */ = {isa = PBXBuildFile; fileRef = 56DE583617964E5899B2DF66 /* RadioView.swift */; };
		AEE970FD70E7493895B017D9 /* SearchView.swift in Sources */ = {isa = PBXBuildFile; fileRef = FB83FEB9EDE044AC9AF72521 /* SearchView.swift */; };
		A91C597673CC4423AAD79EE3 /* VibeVisualizer.swift in Sources */ = {isa = PBXBuildFile; fileRef = 0E25546F6AD34FABB610BD48 /* VibeVisualizer.swift */; };
		49292FC6C2AE4B93B4B3A0A4 /* MusicKit.framework in Frameworks */ = {isa = PBXBuildFile; fileRef = 4F1B8AB61BC44FDB81DF7E05 /* MusicKit.framework */; };
		89C2C3A23B01403AA780F9A2 /* MediaPlayer.framework in Frameworks */ = {isa = PBXBuildFile; fileRef = D32284A473A34678A580DEE3 /* MediaPlayer.framework */; };
		ECB89E1D42E8472385B14A84 /* AVFoundation.framework in Frameworks */ = {isa = PBXBuildFile; fileRef = 8EBCBED79C424A5A8E3C9BD8 /* AVFoundation.framework */; };
		319DFF0A7DD8452A9054C10C /* StoreKit.framework in Frameworks */ = {isa = PBXBuildFile; fileRef = 76B2134EDDAB4F639623B7D8 /* StoreKit.framework */; };
/* End PBXBuildFile section */

/* Begin PBXFileReference section */
		A0E4366465964AFA9BD7C3EE /* EchoDJ.app */ = {isa = PBXFileReference; explicitFileType = wrapper.application; includeInIndex = 0; path = EchoDJ.app; sourceTree = BUILT_PRODUCTS_DIR; };
		EBF2DD4A2DBE4AFCB2C628A6 /* EchoDJApp.swift */ = {isa = PBXFileReference; lastKnownFileType = sourcecode.swift; path = Core/EchoDJApp.swift; sourceTree = "<group>"; };
		AC1103700A09419199986650 /* AppEnvironment.swift */ = {isa = PBXFileReference; lastKnownFileType = sourcecode.swift; path = Core/AppEnvironment.swift; sourceTree = "<group>"; };
		D1F5C6E2096941159D5E23DE /* UserTasteProfile.swift */ = {isa = PBXFileReference; lastKnownFileType = sourcecode.swift; path = Data/Models/UserTasteProfile.swift; sourceTree = "<group>"; };
		84997AB7DD7F452DA86749D8 /* TrackCooldown.swift */ = {isa = PBXFileReference; lastKnownFileType = sourcecode.swift; path = Data/Models/TrackCooldown.swift; sourceTree = "<group>"; };
		262357DC15804B78935F97AE /* CachedTrack.swift */ = {isa = PBXFileReference; lastKnownFileType = sourcecode.swift; path = Data/Models/CachedTrack.swift; sourceTree = "<group>"; };
		DAB3FF35C8B344A294C3D635 /* MusicProviderProtocol.swift */ = {isa = PBXFileReference; lastKnownFileType = sourcecode.swift; path = Engine/Protocols/MusicProviderProtocol.swift; sourceTree = "<group>"; };
		BC19BF0B24EA4E029C502CC7 /* DJBrainProtocol.swift */ = {isa = PBXFileReference; lastKnownFileType = sourcecode.swift; path = Engine/Protocols/DJBrainProtocol.swift; sourceTree = "<group>"; };
		D6054C4F742A47338762FD44 /* VectorAffinityEngine.swift */ = {isa = PBXFileReference; lastKnownFileType = sourcecode.swift; path = Engine/Concrete/VectorAffinityEngine.swift; sourceTree = "<group>"; };
		5C14FE8A9224400B84634CDD /* AppleMusicProvider.swift */ = {isa = PBXFileReference; lastKnownFileType = sourcecode.swift; path = Engine/Concrete/AppleMusicProvider.swift; sourceTree = "<group>"; };
		FBE55039FE20421C9FAF769C /* StationQueueManager.swift */ = {isa = PBXFileReference; lastKnownFileType = sourcecode.swift; path = Engine/Concrete/StationQueueManager.swift; sourceTree = "<group>"; };
		64921A37CC7A400998D28EB0 /* TelemetryCollector.swift */ = {isa = PBXFileReference; lastKnownFileType = sourcecode.swift; path = Engine/Concrete/TelemetryCollector.swift; sourceTree = "<group>"; };
		7653895048A84E7B805E52AE /* TTSClient.swift */ = {isa = PBXFileReference; lastKnownFileType = sourcecode.swift; path = Engine/Concrete/TTSClient.swift; sourceTree = "<group>"; };
		76DEAED905D345B1BC1401FA /* AudioDucker.swift */ = {isa = PBXFileReference; lastKnownFileType = sourcecode.swift; path = Engine/Concrete/AudioDucker.swift; sourceTree = "<group>"; };
		4E7688FDC4C04E519E5EAB22 /* TransitionManager.swift */ = {isa = PBXFileReference; lastKnownFileType = sourcecode.swift; path = Engine/Concrete/TransitionManager.swift; sourceTree = "<group>"; };
		6E1231C2FA8343E98D7A2473 /* SubscriptionManager.swift */ = {isa = PBXFileReference; lastKnownFileType = sourcecode.swift; path = Engine/Concrete/SubscriptionManager.swift; sourceTree = "<group>"; };
		2128B13821B94EE9946FABE6 /* OnDeviceDJBrain.swift */ = {isa = PBXFileReference; lastKnownFileType = sourcecode.swift; path = Engine/Concrete/OnDeviceDJBrain.swift; sourceTree = "<group>"; };
		3DE25EED8C494A1189877F4B /* MockMusicProvider.swift */ = {isa = PBXFileReference; lastKnownFileType = sourcecode.swift; path = Engine/Mocks/MockMusicProvider.swift; sourceTree = "<group>"; };
		BE26705F08EA496189EE3DCD /* MockDJBrain.swift */ = {isa = PBXFileReference; lastKnownFileType = sourcecode.swift; path = Engine/Mocks/MockDJBrain.swift; sourceTree = "<group>"; };
		BB0FC4F4FD4443B29E1ADFC2 /* MainTabView.swift */ = {isa = PBXFileReference; lastKnownFileType = sourcecode.swift; path = UI/Tabs/MainTabView.swift; sourceTree = "<group>"; };
		56DE583617964E5899B2DF66 /* RadioView.swift */ = {isa = PBXFileReference; lastKnownFileType = sourcecode.swift; path = UI/Tabs/RadioView.swift; sourceTree = "<group>"; };
		FB83FEB9EDE044AC9AF72521 /* SearchView.swift */ = {isa = PBXFileReference; lastKnownFileType = sourcecode.swift; path = UI/Tabs/SearchView.swift; sourceTree = "<group>"; };
		0E25546F6AD34FABB610BD48 /* VibeVisualizer.swift */ = {isa = PBXFileReference; lastKnownFileType = sourcecode.swift; path = UI/Components/VibeVisualizer.swift; sourceTree = "<group>"; };
		2546C30B485843D59F12037C /* Info.plist */ = {isa = PBXFileReference; lastKnownFileType = text.plist.xml; path = EchoDJ/Resources/Info.plist; sourceTree = SOURCE_ROOT; };
		4F1B8AB61BC44FDB81DF7E05 /* MusicKit.framework */ = {isa = PBXFileReference; lastKnownFileType = wrapper.framework; name = MusicKit.framework; path = System/Library/Frameworks/MusicKit.framework; sourceTree = SDKROOT; };
		D32284A473A34678A580DEE3 /* MediaPlayer.framework */ = {isa = PBXFileReference; lastKnownFileType = wrapper.framework; name = MediaPlayer.framework; path = System/Library/Frameworks/MediaPlayer.framework; sourceTree = SDKROOT; };
		8EBCBED79C424A5A8E3C9BD8 /* AVFoundation.framework */ = {isa = PBXFileReference; lastKnownFileType = wrapper.framework; name = AVFoundation.framework; path = System/Library/Frameworks/AVFoundation.framework; sourceTree = SDKROOT; };
		76B2134EDDAB4F639623B7D8 /* StoreKit.framework */ = {isa = PBXFileReference; lastKnownFileType = wrapper.framework; name = StoreKit.framework; path = System/Library/Frameworks/StoreKit.framework; sourceTree = SDKROOT; };
/* End PBXFileReference section */

/* Begin PBXFrameworksBuildPhase section */
		1644E9E55F164710B230F204 /* Frameworks */ = {
			isa = PBXFrameworksBuildPhase;
			buildActionMask = 2147483647;
			files = (
				49292FC6C2AE4B93B4B3A0A4 /* MusicKit.framework in Frameworks */,
				89C2C3A23B01403AA780F9A2 /* MediaPlayer.framework in Frameworks */,
				ECB89E1D42E8472385B14A84 /* AVFoundation.framework in Frameworks */,
				319DFF0A7DD8452A9054C10C /* StoreKit.framework in Frameworks */,
			);
			runOnlyForDeploymentPostprocessing = 0;
		};
/* End PBXFrameworksBuildPhase section */

/* Begin PBXGroup section */
		3CB73264D0B841AD9DFC0F82 = {
			isa = PBXGroup;
			children = (
				09C4B80864034CCBAA43C55A /* EchoDJ */,
				18EBD74EB2BC4D0BA95BEF0C /* Products */,
			);
			sourceTree = "<group>";
		};
		18EBD74EB2BC4D0BA95BEF0C /* Products */ = {
			isa = PBXGroup;
			children = (
				A0E4366465964AFA9BD7C3EE /* EchoDJ.app */,
			);
			name = Products;
			sourceTree = "<group>";
		};
		09C4B80864034CCBAA43C55A /* EchoDJ */ = {
			isa = PBXGroup;
			children = (
				EBF2DD4A2DBE4AFCB2C628A6 /* EchoDJApp.swift */,
				AC1103700A09419199986650 /* AppEnvironment.swift */,
				D1F5C6E2096941159D5E23DE /* UserTasteProfile.swift */,
				84997AB7DD7F452DA86749D8 /* TrackCooldown.swift */,
				262357DC15804B78935F97AE /* CachedTrack.swift */,
				DAB3FF35C8B344A294C3D635 /* MusicProviderProtocol.swift */,
				BC19BF0B24EA4E029C502CC7 /* DJBrainProtocol.swift */,
				D6054C4F742A47338762FD44 /* VectorAffinityEngine.swift */,
				5C14FE8A9224400B84634CDD /* AppleMusicProvider.swift */,
				FBE55039FE20421C9FAF769C /* StationQueueManager.swift */,
				64921A37CC7A400998D28EB0 /* TelemetryCollector.swift */,
				7653895048A84E7B805E52AE /* TTSClient.swift */,
				76DEAED905D345B1BC1401FA /* AudioDucker.swift */,
				4E7688FDC4C04E519E5EAB22 /* TransitionManager.swift */,
				6E1231C2FA8343E98D7A2473 /* SubscriptionManager.swift */,
				2128B13821B94EE9946FABE6 /* OnDeviceDJBrain.swift */,
				3DE25EED8C494A1189877F4B /* MockMusicProvider.swift */,
				BE26705F08EA496189EE3DCD /* MockDJBrain.swift */,
				BB0FC4F4FD4443B29E1ADFC2 /* MainTabView.swift */,
				56DE583617964E5899B2DF66 /* RadioView.swift */,
				FB83FEB9EDE044AC9AF72521 /* SearchView.swift */,
				0E25546F6AD34FABB610BD48 /* VibeVisualizer.swift */,
				2546C30B485843D59F12037C /* Info.plist */,
			);
			path = EchoDJ;
			sourceTree = "<group>";
		};
/* End PBXGroup section */

/* Begin PBXNativeTarget section */
		58EF1638B1604C7AA1684E1A /* EchoDJ */ = {
			isa = PBXNativeTarget;
			buildConfigurationList = 6B68B5D46B2A4B7B9DC019AD /* Build configuration list for PBXNativeTarget "EchoDJ" */;
			buildPhases = (
				1471679F83DA4480AFD013F8 /* Sources */,
				1644E9E55F164710B230F204 /* Frameworks */,
				6D0CB7DB9C3E45E59C04B3B5 /* Resources */,
			);
			buildRules = (
			);
			dependencies = (
			);
			name = EchoDJ;
			productName = EchoDJ;
			productReference = A0E4366465964AFA9BD7C3EE /* EchoDJ.app */;
			productType = "com.apple.product-type.application";
		};
/* End PBXNativeTarget section */

/* Begin PBXProject section */
		D92A4CFA9EC94BEA8B79CD28 /* Project object */ = {
			isa = PBXProject;
			attributes = {
				BuildIndependentTargetsInParallel = 1;
				LastSwiftUpdateCheck = 1600;
				LastUpgradeCheck = 1600;
				TargetAttributes = {
					58EF1638B1604C7AA1684E1A = {
						CreatedOnToolsVersion = 16.0;
					};
				};
			};
			buildConfigurationList = CF7D0C27EC5A4AB38C5D5756 /* Build configuration list for PBXProject "EchoDJ" */;
			compatibilityVersion = "Xcode 14.0";
			developmentRegion = en;
			hasScannedForEncodings = 0;
			knownRegions = (
				en,
				Base,
			);
			mainGroup = 3CB73264D0B841AD9DFC0F82;
			productRefGroup = 18EBD74EB2BC4D0BA95BEF0C /* Products */;
			projectDirPath = "";
			projectRoot = "";
			targets = (
				58EF1638B1604C7AA1684E1A /* EchoDJ */,
			);
		};
/* End PBXProject section */

/* Begin PBXResourcesBuildPhase section */
		6D0CB7DB9C3E45E59C04B3B5 /* Resources */ = {
			isa = PBXResourcesBuildPhase;
			buildActionMask = 2147483647;
			files = (
			);
			runOnlyForDeploymentPostprocessing = 0;
		};
/* End PBXResourcesBuildPhase section */

/* Begin PBXSourcesBuildPhase section */
		1471679F83DA4480AFD013F8 /* Sources */ = {
			isa = PBXSourcesBuildPhase;
			buildActionMask = 2147483647;
			files = (
				764A111720DE45E3A629DD8A /* EchoDJApp.swift in Sources */,
				13D16F6B6DB0487DA4D5F4F1 /* AppEnvironment.swift in Sources */,
				3FD8559FA1F7439389AC250E /* UserTasteProfile.swift in Sources */,
				2FE1FCF899314E6596307CBF /* TrackCooldown.swift in Sources */,
				E8CD0AA5EFFD486982B5590E /* CachedTrack.swift in Sources */,
				5A570FAE201B45E7BD7AC179 /* MusicProviderProtocol.swift in Sources */,
				E4E7456025B44FE786ADD1F3 /* DJBrainProtocol.swift in Sources */,
				28FEF44D90104F5C89BE4621 /* VectorAffinityEngine.swift in Sources */,
				FADC6B470F4B466B988B6E24 /* AppleMusicProvider.swift in Sources */,
				EBC87FAE9620412584C85C3B /* StationQueueManager.swift in Sources */,
				22A9BFFC76C64611BD38E012 /* TelemetryCollector.swift in Sources */,
				2F115EA44D5446EE9929F0CA /* TTSClient.swift in Sources */,
				1DCE3DEAF52A46EC9A511674 /* AudioDucker.swift in Sources */,
				4D28C0E6CE594B66B7BEF8F5 /* TransitionManager.swift in Sources */,
				A70ADB137A9C4984989E1FA0 /* SubscriptionManager.swift in Sources */,
				559C334420B040438A506A70 /* OnDeviceDJBrain.swift in Sources */,
				84D2B607690E49EF8A6D3C66 /* MockMusicProvider.swift in Sources */,
				7E7004E2B1DD45F896F6A656 /* MockDJBrain.swift in Sources */,
				91181F7E8A3D44C18E3E944D /* MainTabView.swift in Sources */,
				0CC794610A9B425FB25E4A00 /* RadioView.swift in Sources */,
				AEE970FD70E7493895B017D9 /* SearchView.swift in Sources */,
				A91C597673CC4423AAD79EE3 /* VibeVisualizer.swift in Sources */,
			);
			runOnlyForDeploymentPostprocessing = 0;
		};
/* End PBXSourcesBuildPhase section */

/* Begin XCBuildConfiguration section */
		CFBE63DF8BE1449289DE062A /* Debug */ = {
			isa = XCBuildConfiguration;
			buildSettings = {
				ALWAYS_SEARCH_USER_PATHS = NO;
				CLANG_ANALYZER_NONNULL = YES;
				CLANG_ANALYZER_NUMBER_OBJECT_CONVERSION = YES_AGGRESSIVE;
				CLANG_CXX_LANGUAGE_STANDARD = "gnu++17";
				CLANG_ENABLE_MODULES = YES;
				CLANG_ENABLE_OBJC_ARC = YES;
				CLANG_ENABLE_OBJC_WEAK = YES;
				CLANG_WARN_BLOCK_CAPTURE_AUTORELEASING = YES;
				CLANG_WARN_BOOL_CONVERSION = YES;
				CLANG_WARN_COMMA = YES;
				CLANG_WARN_CONSTANT_CONVERSION = YES;
				CLANG_WARN_DEPRECATED_OBJC_IMPLEMENTATIONS = YES;
				CLANG_WARN_DIRECT_OBJC_ISA_USAGE = YES_ERROR;
				CLANG_WARN_DOCUMENTATION_COMMENTS = YES;
				CLANG_WARN_EMPTY_BODY = YES;
				CLANG_WARN_ENUM_CONVERSION = YES;
				CLANG_WARN_INFINITE_RECURSION = YES;
				CLANG_WARN_INT_CONVERSION = YES;
				CLANG_WARN_NON_LITERAL_NULL_CONVERSION = YES;
				CLANG_WARN_OBJC_IMPLICIT_RETAIN_SELF = YES;
				CLANG_WARN_OBJC_LITERAL_CONVERSION = YES;
				CLANG_WARN_OBJC_ROOT_CLASS = YES_ERROR;
				CLANG_WARN_QUOTED_INCLUDE_IN_FRAMEWORK_HEADER = YES;
				CLANG_WARN_RANGE_LOOP_ANALYSIS = YES;
				CLANG_WARN_STRICT_PROTOTYPES = YES;
				CLANG_WARN_SUSPICIOUS_MOVE = YES;
				CLANG_WARN_UNGUARDED_AVAILABILITY = YES_AGGRESSIVE;
				CLANG_WARN_UNREACHABLE_CODE = YES;
				CLANG_WARN__DUPLICATE_METHOD_MATCH = YES;
				COPY_PHASE_STRIP = NO;
				DEBUG_INFORMATION_FORMAT = dwarf;
				ENABLE_STRICT_OBJC_MSGSEND = YES;
				ENABLE_TESTABILITY = YES;
				GCC_C_LANGUAGE_STANDARD = gnu11;
				GCC_DYNAMIC_NO_PIC = NO;
				GCC_NO_COMMON_BLOCKS = YES;
				GCC_OPTIMIZATION_LEVEL = 0;
				GCC_PREPROCESSOR_DEFINITIONS = (
					"DEBUG=1",
					"$(inherited)",
				);
				GCC_WARN_64_TO_32_BIT_CONVERSION = YES;
				GCC_WARN_ABOUT_RETURN_TYPE = YES_ERROR;
				GCC_WARN_UNDECLARED_SELECTOR = YES;
				GCC_WARN_UNINITIALIZED_AUTOS = YES_AGGRESSIVE;
				GCC_WARN_UNUSED_FUNCTION = YES;
				GCC_WARN_UNUSED_VARIABLE = YES;
				IPHONEOS_DEPLOYMENT_TARGET = 18.0;
				MTL_ENABLE_DEBUG_INFO = INCLUDE_SOURCE;
				MTL_FAST_MATH = YES;
				ONLY_ACTIVE_ARCH = YES;
				SDKROOT = iphoneos;
				SWIFT_ACTIVE_COMPILATION_CONDITIONS = DEBUG;
				SWIFT_OPTIMIZATION_LEVEL = "-Onone";
			};
			name = Debug;
		};
		89355066CCAA4292BDEAEE85 /* Release */ = {
			isa = XCBuildConfiguration;
			buildSettings = {
				ALWAYS_SEARCH_USER_PATHS = NO;
				CLANG_ANALYZER_NONNULL = YES;
				CLANG_ANALYZER_NUMBER_OBJECT_CONVERSION = YES_AGGRESSIVE;
				CLANG_CXX_LANGUAGE_STANDARD = "gnu++17";
				CLANG_ENABLE_MODULES = YES;
				CLANG_ENABLE_OBJC_ARC = YES;
				CLANG_ENABLE_OBJC_WEAK = YES;
				CLANG_WARN_BLOCK_CAPTURE_AUTORELEASING = YES;
				CLANG_WARN_BOOL_CONVERSION = YES;
				CLANG_WARN_COMMA = YES;
				CLANG_WARN_CONSTANT_CONVERSION = YES;
				CLANG_WARN_DEPRECATED_OBJC_IMPLEMENTATIONS = YES;
				CLANG_WARN_DIRECT_OBJC_ISA_USAGE = YES_ERROR;
				CLANG_WARN_DOCUMENTATION_COMMENTS = YES;
				CLANG_WARN_EMPTY_BODY = YES;
				CLANG_WARN_ENUM_CONVERSION = YES;
				CLANG_WARN_INFINITE_RECURSION = YES;
				CLANG_WARN_INT_CONVERSION = YES;
				CLANG_WARN_NON_LITERAL_NULL_CONVERSION = YES;
				CLANG_WARN_OBJC_IMPLICIT_RETAIN_SELF = YES;
				CLANG_WARN_OBJC_LITERAL_CONVERSION = YES;
				CLANG_WARN_OBJC_ROOT_CLASS = YES_ERROR;
				CLANG_WARN_QUOTED_INCLUDE_IN_FRAMEWORK_HEADER = YES;
				CLANG_WARN_RANGE_LOOP_ANALYSIS = YES;
				CLANG_WARN_STRICT_PROTOTYPES = YES;
				CLANG_WARN_SUSPICIOUS_MOVE = YES;
				CLANG_WARN_UNGUARDED_AVAILABILITY = YES_AGGRESSIVE;
				CLANG_WARN_UNREACHABLE_CODE = YES;
				CLANG_WARN__DUPLICATE_METHOD_MATCH = YES;
				COPY_PHASE_STRIP = NO;
				DEBUG_INFORMATION_FORMAT = "dwarf-with-dsym";
				ENABLE_NS_ASSERTIONS = NO;
				ENABLE_STRICT_OBJC_MSGSEND = YES;
				GCC_C_LANGUAGE_STANDARD = gnu11;
				GCC_NO_COMMON_BLOCKS = YES;
				GCC_WARN_64_TO_32_BIT_CONVERSION = YES;
				GCC_WARN_ABOUT_RETURN_TYPE = YES_ERROR;
				GCC_WARN_UNDECLARED_SELECTOR = YES;
				GCC_WARN_UNINITIALIZED_AUTOS = YES_AGGRESSIVE;
				GCC_WARN_UNUSED_FUNCTION = YES;
				GCC_WARN_UNUSED_VARIABLE = YES;
				IPHONEOS_DEPLOYMENT_TARGET = 18.0;
				MTL_ENABLE_DEBUG_INFO = NO;
				MTL_FAST_MATH = YES;
				SDKROOT = iphoneos;
				SWIFT_COMPILATION_MODE = wholemodule;
				SWIFT_OPTIMIZATION_LEVEL = "-O";
				VALIDATE_PRODUCT = YES;
			};
			name = Release;
		};
		015875EA131F47ACAA753FA9 /* Debug */ = {
			isa = XCBuildConfiguration;
			buildSettings = {
				ASSETCATALOG_COMPILER_APPICON_NAME = AppIcon;
				ASSETCATALOG_COMPILER_GLOBAL_ACCENT_COLOR_NAME = AccentColor;
				CODE_SIGN_STYLE = Automatic;
				CURRENT_PROJECT_VERSION = 1;
				ENABLE_PREVIEWS = YES;
				GENERATE_INFOPLIST_FILE = NO;
				INFOPLIST_FILE = "EchoDJ/Resources/Info.plist";
				IPHONEOS_DEPLOYMENT_TARGET = 18.0;
				LD_RUNPATH_SEARCH_PATHS = (
					"$(inherited)",
					"@executable_path/Frameworks",
				);
				MARKETING_VERSION = 1.0;
				PRODUCT_BUNDLE_IDENTIFIER = com.echodj.app;
				PRODUCT_NAME = "$(TARGET_NAME)";
				SWIFT_EMIT_LOC_STRINGS = YES;
				SWIFT_STRICT_CONCURRENCY = complete;
				SWIFT_VERSION = 6.0;
				TARGETED_DEVICE_FAMILY = "1,2";
			};
			name = Debug;
		};
		A679BCF5B0754C1EB31A9D76 /* Release */ = {
			isa = XCBuildConfiguration;
			buildSettings = {
				ASSETCATALOG_COMPILER_APPICON_NAME = AppIcon;
				ASSETCATALOG_COMPILER_GLOBAL_ACCENT_COLOR_NAME = AccentColor;
				CODE_SIGN_STYLE = Automatic;
				CURRENT_PROJECT_VERSION = 1;
				ENABLE_PREVIEWS = YES;
				GENERATE_INFOPLIST_FILE = NO;
				INFOPLIST_FILE = "EchoDJ/Resources/Info.plist";
				IPHONEOS_DEPLOYMENT_TARGET = 18.0;
				LD_RUNPATH_SEARCH_PATHS = (
					"$(inherited)",
					"@executable_path/Frameworks",
				);
				MARKETING_VERSION = 1.0;
				PRODUCT_BUNDLE_IDENTIFIER = com.echodj.app;
				PRODUCT_NAME = "$(TARGET_NAME)";
				SWIFT_EMIT_LOC_STRINGS = YES;
				SWIFT_STRICT_CONCURRENCY = complete;
				SWIFT_VERSION = 6.0;
				TARGETED_DEVICE_FAMILY = "1,2";
			};
			name = Release;
		};
/* End XCBuildConfiguration section */

/* Begin XCConfigurationList section */
		CF7D0C27EC5A4AB38C5D5756 /* Build configuration list for PBXProject "EchoDJ" */ = {
			isa = XCConfigurationList;
			buildConfigurations = (
				CFBE63DF8BE1449289DE062A /* Debug */,
				89355066CCAA4292BDEAEE85 /* Release */,
			);
			defaultConfigurationIsVisible = 0;
			defaultConfigurationName = Release;
		};
		6B68B5D46B2A4B7B9DC019AD /* Build configuration list for PBXNativeTarget "EchoDJ" */ = {
			isa = XCConfigurationList;
			buildConfigurations = (
				015875EA131F47ACAA753FA9 /* Debug */,
				A679BCF5B0754C1EB31A9D76 /* Release */,
			);
			defaultConfigurationIsVisible = 0;
			defaultConfigurationName = Release;
		};
/* End XCConfigurationList section */

	};
	rootObject = D92A4CFA9EC94BEA8B79CD28 /* Project object */;
}
