// !$*UTF8*$!
{
	archiveVersion = 1;
	classes = {
	};
	objectVersion = 56;
	objects = {

/* Begin PBXBuildFile section */
		A506EFCDA8624C2A92BDF17A /* EchoDJApp.swift in Sources */ = {isa = PBXBuildFile; fileRef = 7675AE66CBE14AEEB01586EB /* EchoDJApp.swift */; };
		4C093794DBD74CE6A36AB75D /* AppEnvironment.swift in Sources */ = {isa = PBXBuildFile; fileRef = B120C7E1336C442A82B1A861 /* AppEnvironment.swift */; };
		74A1EAB2A7684FFA8C0A7FE2 /* UserTasteProfile.swift in Sources */ = {isa = PBXBuildFile; fileRef = DF0284DC195C4801AE33C23F /* UserTasteProfile.swift */; };
		234FFB54C9F14025A29A5EB2 /* TrackCooldown.swift in Sources */ = {isa = PBXBuildFile; fileRef = 8B6F08CB6BD74C558BE20BDC /* TrackCooldown.swift */; };
		F2E4784F10674EAEA824D6C9 /* CachedTrack.swift in Sources */ = {isa = PBXBuildFile; fileRef = 4E36442E017B4D028DB32DDE /* CachedTrack.swift */; };
		3F27781C35B8480996481DD7 /* MusicProviderProtocol.swift in Sources */ = {isa = PBXBuildFile; fileRef = FD8A4A3CAA7047B58ACF24E3 /* MusicProviderProtocol.swift */; };
		6FD81A9B997845E59D2EAB4D /* DJBrainProtocol.swift in Sources */ = {isa = PBXBuildFile; fileRef = 92D259D0B694402FBA57E09F /* DJBrainProtocol.swift */; };
		B99280AFD84B4597A83FAF35 /* VectorAffinityEngine.swift in Sources */ = {isa = PBXBuildFile; fileRef = CA5CA1A3FD144F0B862ABBD1 /* VectorAffinityEngine.swift */; };
		9DEF0AB462C6480A82F1C104 /* AppleMusicProvider.swift in Sources */ = {isa = PBXBuildFile; fileRef = 5983BC7646C14DC7B02D9756 /* AppleMusicProvider.swift */; };
		D7DCD6F036AF480DAC97AC5E /* StationQueueManager.swift in Sources */ = {isa = PBXBuildFile; fileRef = 0F93BB839991456F87EA6455 /* StationQueueManager.swift */; };
		E6BEF30A93C04F43A94D93E8 /* TelemetryCollector.swift in Sources */ = {isa = PBXBuildFile; fileRef = 5898A280D5A54825BD9D5A74 /* TelemetryCollector.swift */; };
		5D423FF8BE9841088968C542 /* TTSClient.swift in Sources */ = {isa = PBXBuildFile; fileRef = 7B6C8CDD441A4DB5825084CA /* TTSClient.swift */; };
		B1BA948DA65B44FFB9F0E8FC /* AudioDucker.swift in Sources */ = {isa = PBXBuildFile; fileRef = A61C7597648F4169875A676A /* AudioDucker.swift */; };
		21B480F965F142E299C93B93 /* TransitionManager.swift in Sources */ = {isa = PBXBuildFile; fileRef = 5E801CBCE9ED425F9ADDDA05 /* TransitionManager.swift */; };
		8A20E387BCDD4C2CA45D03D0 /* SubscriptionManager.swift in Sources */ = {isa = PBXBuildFile; fileRef = 9AA1AF9FD78A4B7B8E51875F /* SubscriptionManager.swift */; };
		BD71E440ED344A3B92ECE832 /* OnDeviceDJBrain.swift in Sources */ = {isa = PBXBuildFile; fileRef = 41A3962749C7431880F5E817 /* OnDeviceDJBrain.swift */; };
		E736FABFCCC9400A8228759F /* SimulatorMusicProvider.swift in Sources */ = {isa = PBXBuildFile; fileRef = 50208E8B53844823BCA5A715 /* SimulatorMusicProvider.swift */; };
		AA240C4F70514DFBAC0D6A5B /* FallbackDJBrain.swift in Sources */ = {isa = PBXBuildFile; fileRef = 3CCF9DE3159249F884C88673 /* FallbackDJBrain.swift */; };
		761F2B23D9F745E0A25B7A14 /* MainTabView.swift in Sources */ = {isa = PBXBuildFile; fileRef = 5507F2945ACF407BAF1E7B60 /* MainTabView.swift */; };
		BA1510313E5B43499E9ABC8A /* RadioView.swift in Sources */ = {isa = PBXBuildFile; fileRef = 0AC91EF5CA4A4769879CB3BA /* RadioView.swift */; };
		50BB261089F84018B5AD0897 /* SearchView.swift in Sources */ = {isa = PBXBuildFile; fileRef = 99D58B1BD89A4A3EA96EA847 /* SearchView.swift */; };
		AFEA63C4638E4169A86E0617 /* VibeVisualizer.swift in Sources */ = {isa = PBXBuildFile; fileRef = 96E39C8C4D124783AF6B0FE9 /* VibeVisualizer.swift */; };
		54BA5C1BD5ED4CC5B8AD45A0 /* MusicKit.framework in Frameworks */ = {isa = PBXBuildFile; fileRef = 6693FF3E53AF4EE1A5430E04 /* MusicKit.framework */; };
		7F1074286E074DADBA829A42 /* MediaPlayer.framework in Frameworks */ = {isa = PBXBuildFile; fileRef = C11AAB9258A84D45824FA728 /* MediaPlayer.framework */; };
		1D56DC3E4F4842F49F4EEA0F /* AVFoundation.framework in Frameworks */ = {isa = PBXBuildFile; fileRef = 984A474364184170A3B5F9BF /* AVFoundation.framework */; };
		0C17CAB3B12E46F1B6205FA1 /* StoreKit.framework in Frameworks */ = {isa = PBXBuildFile; fileRef = 65DDB00295A446BC8742A614 /* StoreKit.framework */; };
/* End PBXBuildFile section */

/* Begin PBXFileReference section */
		259B1779764C484FB3086385 /* EchoDJ.app */ = {isa = PBXFileReference; explicitFileType = wrapper.application; includeInIndex = 0; path = EchoDJ.app; sourceTree = BUILT_PRODUCTS_DIR; };
		7675AE66CBE14AEEB01586EB /* EchoDJApp.swift */ = {isa = PBXFileReference; lastKnownFileType = sourcecode.swift; path = Core/EchoDJApp.swift; sourceTree = "<group>"; };
		B120C7E1336C442A82B1A861 /* AppEnvironment.swift */ = {isa = PBXFileReference; lastKnownFileType = sourcecode.swift; path = Core/AppEnvironment.swift; sourceTree = "<group>"; };
		DF0284DC195C4801AE33C23F /* UserTasteProfile.swift */ = {isa = PBXFileReference; lastKnownFileType = sourcecode.swift; path = Data/Models/UserTasteProfile.swift; sourceTree = "<group>"; };
		8B6F08CB6BD74C558BE20BDC /* TrackCooldown.swift */ = {isa = PBXFileReference; lastKnownFileType = sourcecode.swift; path = Data/Models/TrackCooldown.swift; sourceTree = "<group>"; };
		4E36442E017B4D028DB32DDE /* CachedTrack.swift */ = {isa = PBXFileReference; lastKnownFileType = sourcecode.swift; path = Data/Models/CachedTrack.swift; sourceTree = "<group>"; };
		FD8A4A3CAA7047B58ACF24E3 /* MusicProviderProtocol.swift */ = {isa = PBXFileReference; lastKnownFileType = sourcecode.swift; path = Engine/Protocols/MusicProviderProtocol.swift; sourceTree = "<group>"; };
		92D259D0B694402FBA57E09F /* DJBrainProtocol.swift */ = {isa = PBXFileReference; lastKnownFileType = sourcecode.swift; path = Engine/Protocols/DJBrainProtocol.swift; sourceTree = "<group>"; };
		CA5CA1A3FD144F0B862ABBD1 /* VectorAffinityEngine.swift */ = {isa = PBXFileReference; lastKnownFileType = sourcecode.swift; path = Engine/Concrete/VectorAffinityEngine.swift; sourceTree = "<group>"; };
		5983BC7646C14DC7B02D9756 /* AppleMusicProvider.swift */ = {isa = PBXFileReference; lastKnownFileType = sourcecode.swift; path = Engine/Concrete/AppleMusicProvider.swift; sourceTree = "<group>"; };
		0F93BB839991456F87EA6455 /* StationQueueManager.swift */ = {isa = PBXFileReference; lastKnownFileType = sourcecode.swift; path = Engine/Concrete/StationQueueManager.swift; sourceTree = "<group>"; };
		5898A280D5A54825BD9D5A74 /* TelemetryCollector.swift */ = {isa = PBXFileReference; lastKnownFileType = sourcecode.swift; path = Engine/Concrete/TelemetryCollector.swift; sourceTree = "<group>"; };
		7B6C8CDD441A4DB5825084CA /* TTSClient.swift */ = {isa = PBXFileReference; lastKnownFileType = sourcecode.swift; path = Engine/Concrete/TTSClient.swift; sourceTree = "<group>"; };
		A61C7597648F4169875A676A /* AudioDucker.swift */ = {isa = PBXFileReference; lastKnownFileType = sourcecode.swift; path = Engine/Concrete/AudioDucker.swift; sourceTree = "<group>"; };
		5E801CBCE9ED425F9ADDDA05 /* TransitionManager.swift */ = {isa = PBXFileReference; lastKnownFileType = sourcecode.swift; path = Engine/Concrete/TransitionManager.swift; sourceTree = "<group>"; };
		9AA1AF9FD78A4B7B8E51875F /* SubscriptionManager.swift */ = {isa = PBXFileReference; lastKnownFileType = sourcecode.swift; path = Engine/Concrete/SubscriptionManager.swift; sourceTree = "<group>"; };
		41A3962749C7431880F5E817 /* OnDeviceDJBrain.swift */ = {isa = PBXFileReference; lastKnownFileType = sourcecode.swift; path = Engine/Concrete/OnDeviceDJBrain.swift; sourceTree = "<group>"; };
		50208E8B53844823BCA5A715 /* SimulatorMusicProvider.swift */ = {isa = PBXFileReference; lastKnownFileType = sourcecode.swift; path = Engine/Mocks/SimulatorMusicProvider.swift; sourceTree = "<group>"; };
		3CCF9DE3159249F884C88673 /* FallbackDJBrain.swift */ = {isa = PBXFileReference; lastKnownFileType = sourcecode.swift; path = Engine/Mocks/FallbackDJBrain.swift; sourceTree = "<group>"; };
		5507F2945ACF407BAF1E7B60 /* MainTabView.swift */ = {isa = PBXFileReference; lastKnownFileType = sourcecode.swift; path = UI/Tabs/MainTabView.swift; sourceTree = "<group>"; };
		0AC91EF5CA4A4769879CB3BA /* RadioView.swift */ = {isa = PBXFileReference; lastKnownFileType = sourcecode.swift; path = UI/Tabs/RadioView.swift; sourceTree = "<group>"; };
		99D58B1BD89A4A3EA96EA847 /* SearchView.swift */ = {isa = PBXFileReference; lastKnownFileType = sourcecode.swift; path = UI/Tabs/SearchView.swift; sourceTree = "<group>"; };
		96E39C8C4D124783AF6B0FE9 /* VibeVisualizer.swift */ = {isa = PBXFileReference; lastKnownFileType = sourcecode.swift; path = UI/Components/VibeVisualizer.swift; sourceTree = "<group>"; };
		537D18DEC54A48CD82A1A044 /* Info.plist */ = {isa = PBXFileReference; lastKnownFileType = text.plist.xml; path = EchoDJ/Resources/Info.plist; sourceTree = SOURCE_ROOT; };
		6693FF3E53AF4EE1A5430E04 /* MusicKit.framework */ = {isa = PBXFileReference; lastKnownFileType = wrapper.framework; name = MusicKit.framework; path = System/Library/Frameworks/MusicKit.framework; sourceTree = SDKROOT; };
		C11AAB9258A84D45824FA728 /* MediaPlayer.framework */ = {isa = PBXFileReference; lastKnownFileType = wrapper.framework; name = MediaPlayer.framework; path = System/Library/Frameworks/MediaPlayer.framework; sourceTree = SDKROOT; };
		984A474364184170A3B5F9BF /* AVFoundation.framework */ = {isa = PBXFileReference; lastKnownFileType = wrapper.framework; name = AVFoundation.framework; path = System/Library/Frameworks/AVFoundation.framework; sourceTree = SDKROOT; };
		65DDB00295A446BC8742A614 /* StoreKit.framework */ = {isa = PBXFileReference; lastKnownFileType = wrapper.framework; name = StoreKit.framework; path = System/Library/Frameworks/StoreKit.framework; sourceTree = SDKROOT; };
/* End PBXFileReference section */

/* Begin PBXFrameworksBuildPhase section */
		247FBCA8C1AA4B32A7B0B436 /* Frameworks */ = {
			isa = PBXFrameworksBuildPhase;
			buildActionMask = 2147483647;
			files = (
				54BA5C1BD5ED4CC5B8AD45A0 /* MusicKit.framework in Frameworks */,
				7F1074286E074DADBA829A42 /* MediaPlayer.framework in Frameworks */,
				1D56DC3E4F4842F49F4EEA0F /* AVFoundation.framework in Frameworks */,
				0C17CAB3B12E46F1B6205FA1 /* StoreKit.framework in Frameworks */,
			);
			runOnlyForDeploymentPostprocessing = 0;
		};
/* End PBXFrameworksBuildPhase section */

/* Begin PBXGroup section */
		A33FCF0D512E42D984115F2C = {
			isa = PBXGroup;
			children = (
				61E5EC2C2B4C4B2BBB2DDFD1 /* EchoDJ */,
				5066B0CFE8F44B3FA70524F9 /* Products */,
			);
			sourceTree = "<group>";
		};
		5066B0CFE8F44B3FA70524F9 /* Products */ = {
			isa = PBXGroup;
			children = (
				259B1779764C484FB3086385 /* EchoDJ.app */,
			);
			name = Products;
			sourceTree = "<group>";
		};
		61E5EC2C2B4C4B2BBB2DDFD1 /* EchoDJ */ = {
			isa = PBXGroup;
			children = (
				7675AE66CBE14AEEB01586EB /* EchoDJApp.swift */,
				B120C7E1336C442A82B1A861 /* AppEnvironment.swift */,
				DF0284DC195C4801AE33C23F /* UserTasteProfile.swift */,
				8B6F08CB6BD74C558BE20BDC /* TrackCooldown.swift */,
				4E36442E017B4D028DB32DDE /* CachedTrack.swift */,
				FD8A4A3CAA7047B58ACF24E3 /* MusicProviderProtocol.swift */,
				92D259D0B694402FBA57E09F /* DJBrainProtocol.swift */,
				CA5CA1A3FD144F0B862ABBD1 /* VectorAffinityEngine.swift */,
				5983BC7646C14DC7B02D9756 /* AppleMusicProvider.swift */,
				0F93BB839991456F87EA6455 /* StationQueueManager.swift */,
				5898A280D5A54825BD9D5A74 /* TelemetryCollector.swift */,
				7B6C8CDD441A4DB5825084CA /* TTSClient.swift */,
				A61C7597648F4169875A676A /* AudioDucker.swift */,
				5E801CBCE9ED425F9ADDDA05 /* TransitionManager.swift */,
				9AA1AF9FD78A4B7B8E51875F /* SubscriptionManager.swift */,
				41A3962749C7431880F5E817 /* OnDeviceDJBrain.swift */,
				50208E8B53844823BCA5A715 /* SimulatorMusicProvider.swift */,
				3CCF9DE3159249F884C88673 /* FallbackDJBrain.swift */,
				5507F2945ACF407BAF1E7B60 /* MainTabView.swift */,
				0AC91EF5CA4A4769879CB3BA /* RadioView.swift */,
				99D58B1BD89A4A3EA96EA847 /* SearchView.swift */,
				96E39C8C4D124783AF6B0FE9 /* VibeVisualizer.swift */,
				537D18DEC54A48CD82A1A044 /* Info.plist */,
			);
			path = EchoDJ;
			sourceTree = "<group>";
		};
/* End PBXGroup section */

/* Begin PBXNativeTarget section */
		6C28C87F8D0745638E86F759 /* EchoDJ */ = {
			isa = PBXNativeTarget;
			buildConfigurationList = 23AE4A0F99064A4BAB4F0FA0 /* Build configuration list for PBXNativeTarget "EchoDJ" */;
			buildPhases = (
				CD4222D6E2AD4670A33D9E0C /* Sources */,
				247FBCA8C1AA4B32A7B0B436 /* Frameworks */,
				64291F21EF1C408AA4D4B01D /* Resources */,
			);
			buildRules = (
			);
			dependencies = (
			);
			name = EchoDJ;
			productName = EchoDJ;
			productReference = 259B1779764C484FB3086385 /* EchoDJ.app */;
			productType = "com.apple.product-type.application";
		};
/* End PBXNativeTarget section */

/* Begin PBXProject section */
		1D0B5DF687F84129B299554B /* Project object */ = {
			isa = PBXProject;
			attributes = {
				BuildIndependentTargetsInParallel = 1;
				LastSwiftUpdateCheck = 1600;
				LastUpgradeCheck = 1600;
				TargetAttributes = {
					6C28C87F8D0745638E86F759 = {
						CreatedOnToolsVersion = 16.0;
					};
				};
			};
			buildConfigurationList = 02BC9A64CFF24A65BC7612B7 /* Build configuration list for PBXProject "EchoDJ" */;
			compatibilityVersion = "Xcode 14.0";
			developmentRegion = en;
			hasScannedForEncodings = 0;
			knownRegions = (
				en,
				Base,
			);
			mainGroup = A33FCF0D512E42D984115F2C;
			productRefGroup = 5066B0CFE8F44B3FA70524F9 /* Products */;
			projectDirPath = "";
			projectRoot = "";
			targets = (
				6C28C87F8D0745638E86F759 /* EchoDJ */,
			);
		};
/* End PBXProject section */

/* Begin PBXResourcesBuildPhase section */
		64291F21EF1C408AA4D4B01D /* Resources */ = {
			isa = PBXResourcesBuildPhase;
			buildActionMask = 2147483647;
			files = (
			);
			runOnlyForDeploymentPostprocessing = 0;
		};
/* End PBXResourcesBuildPhase section */

/* Begin PBXSourcesBuildPhase section */
		CD4222D6E2AD4670A33D9E0C /* Sources */ = {
			isa = PBXSourcesBuildPhase;
			buildActionMask = 2147483647;
			files = (
				A506EFCDA8624C2A92BDF17A /* EchoDJApp.swift in Sources */,
				4C093794DBD74CE6A36AB75D /* AppEnvironment.swift in Sources */,
				74A1EAB2A7684FFA8C0A7FE2 /* UserTasteProfile.swift in Sources */,
				234FFB54C9F14025A29A5EB2 /* TrackCooldown.swift in Sources */,
				F2E4784F10674EAEA824D6C9 /* CachedTrack.swift in Sources */,
				3F27781C35B8480996481DD7 /* MusicProviderProtocol.swift in Sources */,
				6FD81A9B997845E59D2EAB4D /* DJBrainProtocol.swift in Sources */,
				B99280AFD84B4597A83FAF35 /* VectorAffinityEngine.swift in Sources */,
				9DEF0AB462C6480A82F1C104 /* AppleMusicProvider.swift in Sources */,
				D7DCD6F036AF480DAC97AC5E /* StationQueueManager.swift in Sources */,
				E6BEF30A93C04F43A94D93E8 /* TelemetryCollector.swift in Sources */,
				5D423FF8BE9841088968C542 /* TTSClient.swift in Sources */,
				B1BA948DA65B44FFB9F0E8FC /* AudioDucker.swift in Sources */,
				21B480F965F142E299C93B93 /* TransitionManager.swift in Sources */,
				8A20E387BCDD4C2CA45D03D0 /* SubscriptionManager.swift in Sources */,
				BD71E440ED344A3B92ECE832 /* OnDeviceDJBrain.swift in Sources */,
				E736FABFCCC9400A8228759F /* SimulatorMusicProvider.swift in Sources */,
				AA240C4F70514DFBAC0D6A5B /* FallbackDJBrain.swift in Sources */,
				761F2B23D9F745E0A25B7A14 /* MainTabView.swift in Sources */,
				BA1510313E5B43499E9ABC8A /* RadioView.swift in Sources */,
				50BB261089F84018B5AD0897 /* SearchView.swift in Sources */,
				AFEA63C4638E4169A86E0617 /* VibeVisualizer.swift in Sources */,
			);
			runOnlyForDeploymentPostprocessing = 0;
		};
/* End PBXSourcesBuildPhase section */

/* Begin XCBuildConfiguration section */
		345B3B654834480D9B8FC990 /* Debug */ = {
			isa = XCBuildConfiguration;
			buildSettings = {
				ALWAYS_SEARCH_USER_PATHS = NO;
				CLANG_ANALYZER_NONNULL = YES;
				CLANG_ANALYZER_NUMBER_OBJECT_CONVERSION = YES_AGGRESSIVE;
				CLANG_CXX_LANGUAGE_STANDARD = "gnu++17";
				CLANG_ENABLE_MODULES = YES;
				CLANG_ENABLE_OBJC_ARC = YES;
				CLANG_ENABLE_OBJC_WEAK = YES;
				CLANG_WARN_BLOCK_CAPTURE_AUTORELEASING = YES;
				CLANG_WARN_BOOL_CONVERSION = YES;
				CLANG_WARN_COMMA = YES;
				CLANG_WARN_CONSTANT_CONVERSION = YES;
				CLANG_WARN_DEPRECATED_OBJC_IMPLEMENTATIONS = YES;
				CLANG_WARN_DIRECT_OBJC_ISA_USAGE = YES_ERROR;
				CLANG_WARN_DOCUMENTATION_COMMENTS = YES;
				CLANG_WARN_EMPTY_BODY = YES;
				CLANG_WARN_ENUM_CONVERSION = YES;
				CLANG_WARN_INFINITE_RECURSION = YES;
				CLANG_WARN_INT_CONVERSION = YES;
				CLANG_WARN_NON_LITERAL_NULL_CONVERSION = YES;
				CLANG_WARN_OBJC_IMPLICIT_RETAIN_SELF = YES;
				CLANG_WARN_OBJC_LITERAL_CONVERSION = YES;
				CLANG_WARN_OBJC_ROOT_CLASS = YES_ERROR;
				CLANG_WARN_QUOTED_INCLUDE_IN_FRAMEWORK_HEADER = YES;
				CLANG_WARN_RANGE_LOOP_ANALYSIS = YES;
				CLANG_WARN_STRICT_PROTOTYPES = YES;
				CLANG_WARN_SUSPICIOUS_MOVE = YES;
				CLANG_WARN_UNGUARDED_AVAILABILITY = YES_AGGRESSIVE;
				CLANG_WARN_UNREACHABLE_CODE = YES;
				CLANG_WARN__DUPLICATE_METHOD_MATCH = YES;
				COPY_PHASE_STRIP = NO;
				DEBUG_INFORMATION_FORMAT = dwarf;
				ENABLE_STRICT_OBJC_MSGSEND = YES;
				ENABLE_TESTABILITY = YES;
				GCC_C_LANGUAGE_STANDARD = gnu11;
				GCC_DYNAMIC_NO_PIC = NO;
				GCC_NO_COMMON_BLOCKS = YES;
				GCC_OPTIMIZATION_LEVEL = 0;
				GCC_PREPROCESSOR_DEFINITIONS = (
					"DEBUG=1",
					"$(inherited)",
				);
				GCC_WARN_64_TO_32_BIT_CONVERSION = YES;
				GCC_WARN_ABOUT_RETURN_TYPE = YES_ERROR;
				GCC_WARN_UNDECLARED_SELECTOR = YES;
				GCC_WARN_UNINITIALIZED_AUTOS = YES_AGGRESSIVE;
				GCC_WARN_UNUSED_FUNCTION = YES;
				GCC_WARN_UNUSED_VARIABLE = YES;
				IPHONEOS_DEPLOYMENT_TARGET = 26.0;
				MTL_ENABLE_DEBUG_INFO = INCLUDE_SOURCE;
				MTL_FAST_MATH = YES;
				ONLY_ACTIVE_ARCH = YES;
				SDKROOT = iphoneos;
				SWIFT_ACTIVE_COMPILATION_CONDITIONS = DEBUG;
				SWIFT_OPTIMIZATION_LEVEL = "-Onone";
			};
			name = Debug;
		};
		92360BA466324FE1A1B3623E /* Release */ = {
			isa = XCBuildConfiguration;
			buildSettings = {
				ALWAYS_SEARCH_USER_PATHS = NO;
				CLANG_ANALYZER_NONNULL = YES;
				CLANG_ANALYZER_NUMBER_OBJECT_CONVERSION = YES_AGGRESSIVE;
				CLANG_CXX_LANGUAGE_STANDARD = "gnu++17";
				CLANG_ENABLE_MODULES = YES;
				CLANG_ENABLE_OBJC_ARC = YES;
				CLANG_ENABLE_OBJC_WEAK = YES;
				CLANG_WARN_BLOCK_CAPTURE_AUTORELEASING = YES;
				CLANG_WARN_BOOL_CONVERSION = YES;
				CLANG_WARN_COMMA = YES;
				CLANG_WARN_CONSTANT_CONVERSION = YES;
				CLANG_WARN_DEPRECATED_OBJC_IMPLEMENTATIONS = YES;
				CLANG_WARN_DIRECT_OBJC_ISA_USAGE = YES_ERROR;
				CLANG_WARN_DOCUMENTATION_COMMENTS = YES;
				CLANG_WARN_EMPTY_BODY = YES;
				CLANG_WARN_ENUM_CONVERSION = YES;
				CLANG_WARN_INFINITE_RECURSION = YES;
				CLANG_WARN_INT_CONVERSION = YES;
				CLANG_WARN_NON_LITERAL_NULL_CONVERSION = YES;
				CLANG_WARN_OBJC_IMPLICIT_RETAIN_SELF = YES;
				CLANG_WARN_OBJC_LITERAL_CONVERSION = YES;
				CLANG_WARN_OBJC_ROOT_CLASS = YES_ERROR;
				CLANG_WARN_QUOTED_INCLUDE_IN_FRAMEWORK_HEADER = YES;
				CLANG_WARN_RANGE_LOOP_ANALYSIS = YES;
				CLANG_WARN_STRICT_PROTOTYPES = YES;
				CLANG_WARN_SUSPICIOUS_MOVE = YES;
				CLANG_WARN_UNGUARDED_AVAILABILITY = YES_AGGRESSIVE;
				CLANG_WARN_UNREACHABLE_CODE = YES;
				CLANG_WARN__DUPLICATE_METHOD_MATCH = YES;
				COPY_PHASE_STRIP = NO;
				DEBUG_INFORMATION_FORMAT = "dwarf-with-dsym";
				ENABLE_NS_ASSERTIONS = NO;
				ENABLE_STRICT_OBJC_MSGSEND = YES;
				GCC_C_LANGUAGE_STANDARD = gnu11;
				GCC_NO_COMMON_BLOCKS = YES;
				GCC_WARN_64_TO_32_BIT_CONVERSION = YES;
				GCC_WARN_ABOUT_RETURN_TYPE = YES_ERROR;
				GCC_WARN_UNDECLARED_SELECTOR = YES;
				GCC_WARN_UNINITIALIZED_AUTOS = YES_AGGRESSIVE;
				GCC_WARN_UNUSED_FUNCTION = YES;
				GCC_WARN_UNUSED_VARIABLE = YES;
				IPHONEOS_DEPLOYMENT_TARGET = 26.0;
				MTL_ENABLE_DEBUG_INFO = NO;
				MTL_FAST_MATH = YES;
				SDKROOT = iphoneos;
				SWIFT_COMPILATION_MODE = wholemodule;
				SWIFT_OPTIMIZATION_LEVEL = "-O";
				VALIDATE_PRODUCT = YES;
			};
			name = Release;
		};
		7C8E8809C95342BA9BE3C367 /* Debug */ = {
			isa = XCBuildConfiguration;
			buildSettings = {
				ASSETCATALOG_COMPILER_APPICON_NAME = AppIcon;
				ASSETCATALOG_COMPILER_GLOBAL_ACCENT_COLOR_NAME = AccentColor;
				CODE_SIGN_STYLE = Automatic;
				CURRENT_PROJECT_VERSION = 1;
				ENABLE_PREVIEWS = YES;
				GENERATE_INFOPLIST_FILE = NO;
				INFOPLIST_FILE = "EchoDJ/Resources/Info.plist";
				IPHONEOS_DEPLOYMENT_TARGET = 26.0;
				LD_RUNPATH_SEARCH_PATHS = (
					"$(inherited)",
					"@executable_path/Frameworks",
				);
				MARKETING_VERSION = 1.0;
				PRODUCT_BUNDLE_IDENTIFIER = com.echodj.app;
				PRODUCT_NAME = "$(TARGET_NAME)";
				SWIFT_EMIT_LOC_STRINGS = YES;
				SWIFT_STRICT_CONCURRENCY = complete;
				SWIFT_VERSION = 6.0;
				TARGETED_DEVICE_FAMILY = "1,2";
			};
			name = Debug;
		};
		D40534C0A2C54B409869E2A8 /* Release */ = {
			isa = XCBuildConfiguration;
			buildSettings = {
				ASSETCATALOG_COMPILER_APPICON_NAME = AppIcon;
				ASSETCATALOG_COMPILER_GLOBAL_ACCENT_COLOR_NAME = AccentColor;
				CODE_SIGN_STYLE = Automatic;
				CURRENT_PROJECT_VERSION = 1;
				ENABLE_PREVIEWS = YES;
				GENERATE_INFOPLIST_FILE = NO;
				INFOPLIST_FILE = "EchoDJ/Resources/Info.plist";
				IPHONEOS_DEPLOYMENT_TARGET = 26.0;
				LD_RUNPATH_SEARCH_PATHS = (
					"$(inherited)",
					"@executable_path/Frameworks",
				);
				MARKETING_VERSION = 1.0;
				PRODUCT_BUNDLE_IDENTIFIER = com.echodj.app;
				PRODUCT_NAME = "$(TARGET_NAME)";
				SWIFT_EMIT_LOC_STRINGS = YES;
				SWIFT_STRICT_CONCURRENCY = complete;
				SWIFT_VERSION = 6.0;
				TARGETED_DEVICE_FAMILY = "1,2";
			};
			name = Release;
		};
/* End XCBuildConfiguration section */

/* Begin XCConfigurationList section */
		02BC9A64CFF24A65BC7612B7 /* Build configuration list for PBXProject "EchoDJ" */ = {
			isa = XCConfigurationList;
			buildConfigurations = (
				345B3B654834480D9B8FC990 /* Debug */,
				92360BA466324FE1A1B3623E /* Release */,
			);
			defaultConfigurationIsVisible = 0;
			defaultConfigurationName = Release;
		};
		23AE4A0F99064A4BAB4F0FA0 /* Build configuration list for PBXNativeTarget "EchoDJ" */ = {
			isa = XCConfigurationList;
			buildConfigurations = (
				7C8E8809C95342BA9BE3C367 /* Debug */,
				D40534C0A2C54B409869E2A8 /* Release */,
			);
			defaultConfigurationIsVisible = 0;
			defaultConfigurationName = Release;
		};
/* End XCConfigurationList section */

	};
	rootObject = 1D0B5DF687F84129B299554B /* Project object */;
}
